// !$*UTF8*$!
{
	archiveVersion = 1;
	classes = {
	};
	objectVersion = 56;
	objects = {

/* Begin PBXBuildFile section */
		02C079D53F1E1CADA2297D6F /* UIConstantsTests.swift in Sources */ = {isa = PBXBuildFile; fileRef = AD80C3C700C020BA4D273BAD /* UIConstantsTests.swift */; };
		23970E3D03A3B4EBE8938AB4 /* CaptureResultTests.swift in Sources */ = {isa = PBXBuildFile; fileRef = A9899BE0B988345B4F3BE34C /* CaptureResultTests.swift */; };
		4338E6FF5ABA5BAC401B7F38 /* Foundation.framework in Frameworks */ = {isa = PBXBuildFile; fileRef = B520B638664763F6523960E3 /* Foundation.framework */; };
		4EFE9BCB6884A809575C004F /* CameraConfigTests.swift in Sources */ = {isa = PBXBuildFile; fileRef = C32E7A4F6E04359D35EEB906 /* CameraConfigTests.swift */; };
		5D5A93AD1FFDD5C8A5F9B1F2 /* CameraState.swift in Sources */ = {isa = PBXBuildFile; fileRef = EE3779F108A19C45C792808B /* CameraState.swift */; };
		854BB1BCA7BE5B4FB6425440 /* ShakeEffectTests.swift in Sources */ = {isa = PBXBuildFile; fileRef = ABE39405F49468ED6F34AC8F /* ShakeEffectTests.swift */; };
		963D9F9C7FF03EE946B5D47E /* ShakeEffect.swift in Sources */ = {isa = PBXBuildFile; fileRef = F9ED7CA7D11F49FAC9D51B78 /* ShakeEffect.swift */; };
		A02225D5E6DE4EC336A0B109 /* FilterParameters.swift in Sources */ = {isa = PBXBuildFile; fileRef = 7757098C63292DEE1597FEDE /* FilterParameters.swift */; };
		A1B2C3D4E5F60001A1B2 /* OldIPhoneCameraExperienceApp.swift in Sources */ = {isa = PBXBuildFile; fileRef = A1B2C3D4E5F60011A1B2 /* OldIPhoneCameraExperienceApp.swift */; };
		A1B2C3D4E5F60002A1B2 /* ContentView.swift in Sources */ = {isa = PBXBuildFile; fileRef = A1B2C3D4E5F60012A1B2 /* ContentView.swift */; };
		A1B2C3D4E5F60003A1B2 /* Assets.xcassets in Resources */ = {isa = PBXBuildFile; fileRef = A1B2C3D4E5F60013A1B2 /* Assets.xcassets */; };
		A1B2C3D4E5F60004A1B2 /* Preview Assets.xcassets in Resources */ = {isa = PBXBuildFile; fileRef = A1B2C3D4E5F60014A1B2 /* Preview Assets.xcassets */; };
		B1E12DCC51E454A52BCC01AB /* FilterConfigTests.swift in Sources */ = {isa = PBXBuildFile; fileRef = C69CB50BD0C3F18C32A9DF7F /* FilterConfigTests.swift */; };
		B8AEDE2A791BF962F87FFDD5 /* CameraStateTests.swift in Sources */ = {isa = PBXBuildFile; fileRef = 0DBCB60C3DA33EC1CC08BFF9 /* CameraStateTests.swift */; };
		BDB8BC170173E486556B6F2B /* CaptureResult.swift in Sources */ = {isa = PBXBuildFile; fileRef = 979D5FF9CC294CF1CD271B1E /* CaptureResult.swift */; };
		C0B4415FB10A22D6F6BBF0C6 /* CameraModel.swift in Sources */ = {isa = PBXBuildFile; fileRef = 3DB316BB04E98413BEA64D1C /* CameraModel.swift */; };
		D11A42D11B2BC30C4143256A /* UIConstants.swift in Sources */ = {isa = PBXBuildFile; fileRef = 362DF8AB68FD66687F8ACF7D /* UIConstants.swift */; };
		D3260D603D0AB4497DA6784E /* FilterParametersTests.swift in Sources */ = {isa = PBXBuildFile; fileRef = 0A9AC7ECF55E5C36A1C442D0 /* FilterParametersTests.swift */; };
		D957EFBE9FEE0A8D9DDA06B2 /* CameraConfig.swift in Sources */ = {isa = PBXBuildFile; fileRef = D666FBEA7FBD263F5D8FBD84 /* CameraConfig.swift */; };
		DFB107CC4FE7068FD83C45BF /* FilterConfig.swift in Sources */ = {isa = PBXBuildFile; fileRef = 2DBC4E2F447AD3F5FB15B579 /* FilterConfig.swift */; };
		EA4F1D73805BD2B41D994DD8 /* CameraModelTests.swift in Sources */ = {isa = PBXBuildFile; fileRef = 01A192864744D16C969E2BFF /* CameraModelTests.swift */; };
/* End PBXBuildFile section */

/* Begin PBXContainerItemProxy section */
		9D4431F2EAA86ACB9461B8A8 /* PBXContainerItemProxy */ = {
			isa = PBXContainerItemProxy;
			containerPortal = A1B2C3D4E5F60050A1B2 /* Project object */;
			proxyType = 1;
			remoteGlobalIDString = A1B2C3D4E5F60040A1B2;
			remoteInfo = OldIPhoneCameraExperience;
		};
/* End PBXContainerItemProxy section */

/* Begin PBXFileReference section */
		01A192864744D16C969E2BFF /* CameraModelTests.swift */ = {isa = PBXFileReference; includeInIndex = 1; lastKnownFileType = sourcecode.swift; path = CameraModelTests.swift; sourceTree = "<group>"; };
		0A9AC7ECF55E5C36A1C442D0 /* FilterParametersTests.swift */ = {isa = PBXFileReference; includeInIndex = 1; lastKnownFileType = sourcecode.swift; path = FilterParametersTests.swift; sourceTree = "<group>"; };
		0DBCB60C3DA33EC1CC08BFF9 /* CameraStateTests.swift */ = {isa = PBXFileReference; includeInIndex = 1; lastKnownFileType = sourcecode.swift; path = CameraStateTests.swift; sourceTree = "<group>"; };
		2DBC4E2F447AD3F5FB15B579 /* FilterConfig.swift */ = {isa = PBXFileReference; includeInIndex = 1; lastKnownFileType = sourcecode.swift; path = FilterConfig.swift; sourceTree = "<group>"; };
		362DF8AB68FD66687F8ACF7D /* UIConstants.swift */ = {isa = PBXFileReference; includeInIndex = 1; lastKnownFileType = sourcecode.swift; path = UIConstants.swift; sourceTree = "<group>"; };
		3DB316BB04E98413BEA64D1C /* CameraModel.swift */ = {isa = PBXFileReference; includeInIndex = 1; lastKnownFileType = sourcecode.swift; path = CameraModel.swift; sourceTree = "<group>"; };
		7757098C63292DEE1597FEDE /* FilterParameters.swift */ = {isa = PBXFileReference; includeInIndex = 1; lastKnownFileType = sourcecode.swift; path = FilterParameters.swift; sourceTree = "<group>"; };
		8348BD3A77FC46296AC1A10C /* OldIPhoneCameraExperienceTests.xctest */ = {isa = PBXFileReference; explicitFileType = wrapper.cfbundle; includeInIndex = 0; path = OldIPhoneCameraExperienceTests.xctest; sourceTree = BUILT_PRODUCTS_DIR; };
		979D5FF9CC294CF1CD271B1E /* CaptureResult.swift */ = {isa = PBXFileReference; includeInIndex = 1; lastKnownFileType = sourcecode.swift; path = CaptureResult.swift; sourceTree = "<group>"; };
		A1B2C3D4E5F60010A1B2 /* OldIPhoneCameraExperience.app */ = {isa = PBXFileReference; explicitFileType = wrapper.application; includeInIndex = 0; path = OldIPhoneCameraExperience.app; sourceTree = BUILT_PRODUCTS_DIR; };
		A1B2C3D4E5F60011A1B2 /* OldIPhoneCameraExperienceApp.swift */ = {isa = PBXFileReference; lastKnownFileType = sourcecode.swift; path = OldIPhoneCameraExperienceApp.swift; sourceTree = "<group>"; };
		A1B2C3D4E5F60012A1B2 /* ContentView.swift */ = {isa = PBXFileReference; lastKnownFileType = sourcecode.swift; path = ContentView.swift; sourceTree = "<group>"; };
		A1B2C3D4E5F60013A1B2 /* Assets.xcassets */ = {isa = PBXFileReference; lastKnownFileType = folder.assetcatalog; path = Assets.xcassets; sourceTree = "<group>"; };
		A1B2C3D4E5F60014A1B2 /* Preview Assets.xcassets */ = {isa = PBXFileReference; lastKnownFileType = folder.assetcatalog; path = "Preview Assets.xcassets"; sourceTree = "<group>"; };
		A9899BE0B988345B4F3BE34C /* CaptureResultTests.swift */ = {isa = PBXFileReference; includeInIndex = 1; lastKnownFileType = sourcecode.swift; path = CaptureResultTests.swift; sourceTree = "<group>"; };
		ABE39405F49468ED6F34AC8F /* ShakeEffectTests.swift */ = {isa = PBXFileReference; includeInIndex = 1; lastKnownFileType = sourcecode.swift; path = ShakeEffectTests.swift; sourceTree = "<group>"; };
		AD80C3C700C020BA4D273BAD /* UIConstantsTests.swift */ = {isa = PBXFileReference; includeInIndex = 1; lastKnownFileType = sourcecode.swift; path = UIConstantsTests.swift; sourceTree = "<group>"; };
		B520B638664763F6523960E3 /* Foundation.framework */ = {isa = PBXFileReference; lastKnownFileType = wrapper.framework; name = Foundation.framework; path = Platforms/iPhoneOS.platform/Developer/SDKs/iPhoneOS18.0.sdk/System/Library/Frameworks/Foundation.framework; sourceTree = DEVELOPER_DIR; };
		C32E7A4F6E04359D35EEB906 /* CameraConfigTests.swift */ = {isa = PBXFileReference; includeInIndex = 1; lastKnownFileType = sourcecode.swift; path = CameraConfigTests.swift; sourceTree = "<group>"; };
		C69CB50BD0C3F18C32A9DF7F /* FilterConfigTests.swift */ = {isa = PBXFileReference; includeInIndex = 1; lastKnownFileType = sourcecode.swift; path = FilterConfigTests.swift; sourceTree = "<group>"; };
		D666FBEA7FBD263F5D8FBD84 /* CameraConfig.swift */ = {isa = PBXFileReference; includeInIndex = 1; lastKnownFileType = sourcecode.swift; path = CameraConfig.swift; sourceTree = "<group>"; };
		EE3779F108A19C45C792808B /* CameraState.swift */ = {isa = PBXFileReference; includeInIndex = 1; lastKnownFileType = sourcecode.swift; path = CameraState.swift; sourceTree = "<group>"; };
		F9ED7CA7D11F49FAC9D51B78 /* ShakeEffect.swift */ = {isa = PBXFileReference; includeInIndex = 1; lastKnownFileType = sourcecode.swift; path = ShakeEffect.swift; sourceTree = "<group>"; };
/* End PBXFileReference section */

/* Begin PBXFrameworksBuildPhase section */
		A1B2C3D4E5F60020A1B2 /* Frameworks */ = {
			isa = PBXFrameworksBuildPhase;
			buildActionMask = 2147483647;
			files = (
			);
			runOnlyForDeploymentPostprocessing = 0;
		};
		AA15CB0558869342FD609972 /* Frameworks */ = {
			isa = PBXFrameworksBuildPhase;
			buildActionMask = 2147483647;
			files = (
				4338E6FF5ABA5BAC401B7F38 /* Foundation.framework in Frameworks */,
			);
			runOnlyForDeploymentPostprocessing = 0;
		};
/* End PBXFrameworksBuildPhase section */

/* Begin PBXGroup section */
		2535251CD7BB30F9EF2AFEE1 /* Core */ = {
			isa = PBXGroup;
			children = (
				BB4BDC2B5D9BD76D84FACF06 /* Constants */,
			);
			name = Core;
			path = Core;
			sourceTree = "<group>";
		};
		2E94788D3F18860237C40518 /* Frameworks */ = {
			isa = PBXGroup;
			children = (
				9B6E65CFBC93995BA18CDC99 /* iOS */,
			);
			name = Frameworks;
			sourceTree = "<group>";
		};
		578948AC6E4190B4F6C01CF3 /* Core */ = {
			isa = PBXGroup;
			children = (
				A6C1B85A02934C9A81EF8AA2 /* Constants */,
			);
			name = Core;
			path = Core;
			sourceTree = "<group>";
		};
		7B4B927A9B11FFC029A9BBEF /* OldIPhoneCameraExperienceTests */ = {
			isa = PBXGroup;
			children = (
				2535251CD7BB30F9EF2AFEE1 /* Core */,
				C999DF3D11A9A655F29E2242 /* Models */,
			);
			name = OldIPhoneCameraExperienceTests;
			path = OldIPhoneCameraExperienceTests;
			sourceTree = "<group>";
		};
		9B6E65CFBC93995BA18CDC99 /* iOS */ = {
			isa = PBXGroup;
			children = (
				B520B638664763F6523960E3 /* Foundation.framework */,
			);
			name = iOS;
			sourceTree = "<group>";
		};
		A1B2C3D4E5F60030A1B2 = {
			isa = PBXGroup;
			children = (
				A1B2C3D4E5F60031A1B2 /* OldIPhoneCameraExperience */,
				A1B2C3D4E5F60032A1B2 /* Products */,
				2E94788D3F18860237C40518 /* Frameworks */,
				7B4B927A9B11FFC029A9BBEF /* OldIPhoneCameraExperienceTests */,
			);
			sourceTree = "<group>";
		};
		A1B2C3D4E5F60031A1B2 /* OldIPhoneCameraExperience */ = {
			isa = PBXGroup;
			children = (
				A1B2C3D4E5F60011A1B2 /* OldIPhoneCameraExperienceApp.swift */,
				A1B2C3D4E5F60012A1B2 /* ContentView.swift */,
				A1B2C3D4E5F60013A1B2 /* Assets.xcassets */,
				A1B2C3D4E5F60033A1B2 /* Preview Content */,
				578948AC6E4190B4F6C01CF3 /* Core */,
				E09F2EAE86B75DD59499EC8F /* Models */,
			);
			path = OldIPhoneCameraExperience;
			sourceTree = "<group>";
		};
		A1B2C3D4E5F60032A1B2 /* Products */ = {
			isa = PBXGroup;
			children = (
				A1B2C3D4E5F60010A1B2 /* OldIPhoneCameraExperience.app */,
				8348BD3A77FC46296AC1A10C /* OldIPhoneCameraExperienceTests.xctest */,
			);
			name = Products;
			sourceTree = "<group>";
		};
		A1B2C3D4E5F60033A1B2 /* Preview Content */ = {
			isa = PBXGroup;
			children = (
				A1B2C3D4E5F60014A1B2 /* Preview Assets.xcassets */,
			);
			path = "Preview Content";
			sourceTree = "<group>";
		};
		A6C1B85A02934C9A81EF8AA2 /* Constants */ = {
			isa = PBXGroup;
			children = (
				7757098C63292DEE1597FEDE /* FilterParameters.swift */,
				D666FBEA7FBD263F5D8FBD84 /* CameraConfig.swift */,
				362DF8AB68FD66687F8ACF7D /* UIConstants.swift */,
			);
			name = Constants;
			path = Constants;
			sourceTree = "<group>";
		};
		BB4BDC2B5D9BD76D84FACF06 /* Constants */ = {
			isa = PBXGroup;
			children = (
				0A9AC7ECF55E5C36A1C442D0 /* FilterParametersTests.swift */,
				C32E7A4F6E04359D35EEB906 /* CameraConfigTests.swift */,
				AD80C3C700C020BA4D273BAD /* UIConstantsTests.swift */,
			);
			name = Constants;
			path = Constants;
			sourceTree = "<group>";
		};
		C999DF3D11A9A655F29E2242 /* Models */ = {
			isa = PBXGroup;
			children = (
				0DBCB60C3DA33EC1CC08BFF9 /* CameraStateTests.swift */,
				C69CB50BD0C3F18C32A9DF7F /* FilterConfigTests.swift */,
				ABE39405F49468ED6F34AC8F /* ShakeEffectTests.swift */,
				A9899BE0B988345B4F3BE34C /* CaptureResultTests.swift */,
				01A192864744D16C969E2BFF /* CameraModelTests.swift */,
			);
			name = Models;
			path = Models;
			sourceTree = "<group>";
		};
		E09F2EAE86B75DD59499EC8F /* Models */ = {
			isa = PBXGroup;
			children = (
				EE3779F108A19C45C792808B /* CameraState.swift */,
				2DBC4E2F447AD3F5FB15B579 /* FilterConfig.swift */,
				F9ED7CA7D11F49FAC9D51B78 /* ShakeEffect.swift */,
				979D5FF9CC294CF1CD271B1E /* CaptureResult.swift */,
				3DB316BB04E98413BEA64D1C /* CameraModel.swift */,
			);
			name = Models;
			path = Models;
			sourceTree = "<group>";
		};
/* End PBXGroup section */

/* Begin PBXNativeTarget section */
		A1B2C3D4E5F60040A1B2 /* OldIPhoneCameraExperience */ = {
			isa = PBXNativeTarget;
			buildConfigurationList = A1B2C3D4E5F60060A1B2 /* Build configuration list for PBXNativeTarget "OldIPhoneCameraExperience" */;
			buildPhases = (
				A1B2C3D4E5F60021A1B2 /* Sources */,
				A1B2C3D4E5F60020A1B2 /* Frameworks */,
				A1B2C3D4E5F60022A1B2 /* Resources */,
			);
			buildRules = (
			);
			dependencies = (
			);
			name = OldIPhoneCameraExperience;
			productName = OldIPhoneCameraExperience;
			productReference = A1B2C3D4E5F60010A1B2 /* OldIPhoneCameraExperience.app */;
			productType = "com.apple.product-type.application";
		};
		F3C64BF6CBECC47D38C62D8A /* OldIPhoneCameraExperienceTests */ = {
			isa = PBXNativeTarget;
			buildConfigurationList = 5A79D7E805C6BBDC80AE01FE /* Build configuration list for PBXNativeTarget "OldIPhoneCameraExperienceTests" */;
			buildPhases = (
				7535E85DE21DA91CB1ECA455 /* Sources */,
				AA15CB0558869342FD609972 /* Frameworks */,
				D2665E15B5969AAC5B755C1D /* Resources */,
			);
			buildRules = (
			);
			dependencies = (
				A1357ACF27068A4C1F7B52E9 /* PBXTargetDependency */,
			);
			name = OldIPhoneCameraExperienceTests;
			productName = OldIPhoneCameraExperienceTests;
			productReference = 8348BD3A77FC46296AC1A10C /* OldIPhoneCameraExperienceTests.xctest */;
			productType = "com.apple.product-type.bundle.unit-test";
		};
/* End PBXNativeTarget section */

/* Begin PBXProject section */
		A1B2C3D4E5F60050A1B2 /* Project object */ = {
			isa = PBXProject;
			attributes = {
				BuildIndependentTargetsInParallel = 1;
				LastSwiftUpdateCheck = 1600;
				LastUpgradeCheck = 1600;
				TargetAttributes = {
					A1B2C3D4E5F60040A1B2 = {
						CreatedOnToolsVersion = 16.0;
					};
				};
			};
			buildConfigurationList = A1B2C3D4E5F60070A1B2 /* Build configuration list for PBXProject "OldIPhoneCameraExperience" */;
			compatibilityVersion = "Xcode 14.0";
			developmentRegion = en;
			hasScannedForEncodings = 0;
			knownRegions = (
				en,
				Base,
			);
			mainGroup = A1B2C3D4E5F60030A1B2;
			productRefGroup = A1B2C3D4E5F60032A1B2 /* Products */;
			projectDirPath = "";
			projectRoot = "";
			targets = (
				A1B2C3D4E5F60040A1B2 /* OldIPhoneCameraExperience */,
				F3C64BF6CBECC47D38C62D8A /* OldIPhoneCameraExperienceTests */,
			);
		};
/* End PBXProject section */

/* Begin PBXResourcesBuildPhase section */
		A1B2C3D4E5F60022A1B2 /* Resources */ = {
			isa = PBXResourcesBuildPhase;
			buildActionMask = 2147483647;
			files = (
				A1B2C3D4E5F60004A1B2 /* Preview Assets.xcassets in Resources */,
				A1B2C3D4E5F60003A1B2 /* Assets.xcassets in Resources */,
			);
			runOnlyForDeploymentPostprocessing = 0;
		};
		D2665E15B5969AAC5B755C1D /* Resources */ = {
			isa = PBXResourcesBuildPhase;
			buildActionMask = 2147483647;
			files = (
			);
			runOnlyForDeploymentPostprocessing = 0;
		};
/* End PBXResourcesBuildPhase section */

/* Begin PBXSourcesBuildPhase section */
		7535E85DE21DA91CB1ECA455 /* Sources */ = {
			isa = PBXSourcesBuildPhase;
			buildActionMask = 2147483647;
			files = (
				D3260D603D0AB4497DA6784E /* FilterParametersTests.swift in Sources */,
				4EFE9BCB6884A809575C004F /* CameraConfigTests.swift in Sources */,
				02C079D53F1E1CADA2297D6F /* UIConstantsTests.swift in Sources */,
				B8AEDE2A791BF962F87FFDD5 /* CameraStateTests.swift in Sources */,
				B1E12DCC51E454A52BCC01AB /* FilterConfigTests.swift in Sources */,
				854BB1BCA7BE5B4FB6425440 /* ShakeEffectTests.swift in Sources */,
				23970E3D03A3B4EBE8938AB4 /* CaptureResultTests.swift in Sources */,
				EA4F1D73805BD2B41D994DD8 /* CameraModelTests.swift in Sources */,
			);
			runOnlyForDeploymentPostprocessing = 0;
		};
		A1B2C3D4E5F60021A1B2 /* Sources */ = {
			isa = PBXSourcesBuildPhase;
			buildActionMask = 2147483647;
			files = (
				A1B2C3D4E5F60002A1B2 /* ContentView.swift in Sources */,
				A1B2C3D4E5F60001A1B2 /* OldIPhoneCameraExperienceApp.swift in Sources */,
				A02225D5E6DE4EC336A0B109 /* FilterParameters.swift in Sources */,
				D957EFBE9FEE0A8D9DDA06B2 /* CameraConfig.swift in Sources */,
				D11A42D11B2BC30C4143256A /* UIConstants.swift in Sources */,
				5D5A93AD1FFDD5C8A5F9B1F2 /* CameraState.swift in Sources */,
				DFB107CC4FE7068FD83C45BF /* FilterConfig.swift in Sources */,
				963D9F9C7FF03EE946B5D47E /* ShakeEffect.swift in Sources */,
				BDB8BC170173E486556B6F2B /* CaptureResult.swift in Sources */,
				C0B4415FB10A22D6F6BBF0C6 /* CameraModel.swift in Sources */,
			);
			runOnlyForDeploymentPostprocessing = 0;
		};
/* End PBXSourcesBuildPhase section */

/* Begin PBXTargetDependency section */
		A1357ACF27068A4C1F7B52E9 /* PBXTargetDependency */ = {
			isa = PBXTargetDependency;
			name = OldIPhoneCameraExperience;
			target = A1B2C3D4E5F60040A1B2 /* OldIPhoneCameraExperience */;
			targetProxy = 9D4431F2EAA86ACB9461B8A8 /* PBXContainerItemProxy */;
		};
/* End PBXTargetDependency section */

/* Begin XCBuildConfiguration section */
		A1B2C3D4E5F60061A1B2 /* Debug */ = {
			isa = XCBuildConfiguration;
			buildSettings = {
				ASSETCATALOG_COMPILER_APPICON_NAME = AppIcon;
				ASSETCATALOG_COMPILER_GLOBAL_ACCENT_COLOR_NAME = AccentColor;
				CODE_SIGN_STYLE = Automatic;
				CURRENT_PROJECT_VERSION = 1;
				DEVELOPMENT_ASSET_PATHS = "\"OldIPhoneCameraExperience/Preview Content\"";
				DEVELOPMENT_TEAM = N28L9FHHL4;
				ENABLE_PREVIEWS = YES;
				GENERATE_INFOPLIST_FILE = YES;
				INFOPLIST_FILE = OldIPhoneCameraExperience/Info.plist;
				INFOPLIST_KEY_UIApplicationSceneManifest_Generation = YES;
				INFOPLIST_KEY_UIApplicationSupportsIndirectInputEvents = YES;
				INFOPLIST_KEY_UILaunchScreen_Generation = YES;
				INFOPLIST_KEY_UISupportedInterfaceOrientations_iPad = "UIInterfaceOrientationPortrait UIInterfaceOrientationPortraitUpsideDown UIInterfaceOrientationLandscapeLeft UIInterfaceOrientationLandscapeRight";
				INFOPLIST_KEY_UISupportedInterfaceOrientations_iPhone = "UIInterfaceOrientationPortrait UIInterfaceOrientationLandscapeLeft UIInterfaceOrientationLandscapeRight";
				LD_RUNPATH_SEARCH_PATHS = (
					"$(inherited)",
					"@executable_path/Frameworks",
				);
				MARKETING_VERSION = 1.0;
				PRODUCT_BUNDLE_IDENTIFIER = com.h.dev.oldIPhoneCameraExperience;
				PRODUCT_NAME = "$(TARGET_NAME)";
				SWIFT_EMIT_LOC_STRINGS = YES;
				SWIFT_VERSION = 5.0;
				TARGETED_DEVICE_FAMILY = "1,2";
			};
			name = Debug;
		};
		A1B2C3D4E5F60062A1B2 /* Release */ = {
			isa = XCBuildConfiguration;
			buildSettings = {
				ASSETCATALOG_COMPILER_APPICON_NAME = AppIcon;
				ASSETCATALOG_COMPILER_GLOBAL_ACCENT_COLOR_NAME = AccentColor;
				CODE_SIGN_IDENTITY = "Apple Distribution";
				CODE_SIGN_STYLE = Manual;
				CURRENT_PROJECT_VERSION = 1;
				DEVELOPMENT_ASSET_PATHS = "\"OldIPhoneCameraExperience/Preview Content\"";
				DEVELOPMENT_TEAM = N28L9FHHL4;
				ENABLE_PREVIEWS = YES;
				GENERATE_INFOPLIST_FILE = YES;
				INFOPLIST_FILE = OldIPhoneCameraExperience/Info.plist;
				INFOPLIST_KEY_UIApplicationSceneManifest_Generation = YES;
				INFOPLIST_KEY_UIApplicationSupportsIndirectInputEvents = YES;
				INFOPLIST_KEY_UILaunchScreen_Generation = YES;
				INFOPLIST_KEY_UISupportedInterfaceOrientations_iPad = "UIInterfaceOrientationPortrait UIInterfaceOrientationPortraitUpsideDown UIInterfaceOrientationLandscapeLeft UIInterfaceOrientationLandscapeRight";
				INFOPLIST_KEY_UISupportedInterfaceOrientations_iPhone = "UIInterfaceOrientationPortrait UIInterfaceOrientationLandscapeLeft UIInterfaceOrientationLandscapeRight";
				LD_RUNPATH_SEARCH_PATHS = (
					"$(inherited)",
					"@executable_path/Frameworks",
				);
				MARKETING_VERSION = 1.0;
				PRODUCT_BUNDLE_IDENTIFIER = com.h.dev.oldIPhoneCameraExperience;
				PRODUCT_NAME = "$(TARGET_NAME)";
				PROVISIONING_PROFILE_SPECIFIER = "match AppStore com.h.dev.oldIPhoneCameraExperience";
				SWIFT_EMIT_LOC_STRINGS = YES;
				SWIFT_VERSION = 5.0;
				TARGETED_DEVICE_FAMILY = "1,2";
			};
			name = Release;
		};
		A1B2C3D4E5F60071A1B2 /* Debug */ = {
			isa = XCBuildConfiguration;
			buildSettings = {
				ALWAYS_SEARCH_USER_PATHS = NO;
				ASSETCATALOG_COMPILER_GENERATE_SWIFT_ASSET_SYMBOL_EXTENSIONS = YES;
				CLANG_ANALYZER_NONNULL = YES;
				CLANG_ANALYZER_NUMBER_OBJECT_CONVERSION = YES_AGGRESSIVE;
				CLANG_CXX_LANGUAGE_STANDARD = "gnu++20";
				CLANG_ENABLE_MODULES = YES;
				CLANG_ENABLE_OBJC_ARC = YES;
				CLANG_ENABLE_OBJC_WEAK = YES;
				CLANG_WARN_BLOCK_CAPTURE_AUTORELEASING = YES;
				CLANG_WARN_BOOL_CONVERSION = YES;
				CLANG_WARN_COMMA = YES;
				CLANG_WARN_CONSTANT_CONVERSION = YES;
				CLANG_WARN_DEPRECATED_OBJC_IMPLEMENTATIONS = YES;
				CLANG_WARN_DIRECT_OBJC_ISA_USAGE = YES_ERROR;
				CLANG_WARN_DOCUMENTATION_COMMENTS = YES;
				CLANG_WARN_EMPTY_BODY = YES;
				CLANG_WARN_ENUM_CONVERSION = YES;
				CLANG_WARN_INFINITE_RECURSION = YES;
				CLANG_WARN_INT_CONVERSION = YES;
				CLANG_WARN_NON_LITERAL_NULL_CONVERSION = YES;
				CLANG_WARN_OBJC_IMPLICIT_RETAIN_SELF = YES;
				CLANG_WARN_OBJC_LITERAL_CONVERSION = YES;
				CLANG_WARN_OBJC_ROOT_CLASS = YES_ERROR;
				CLANG_WARN_QUOTED_INCLUDE_IN_FRAMEWORK_HEADER = YES;
				CLANG_WARN_RANGE_LOOP_ANALYSIS = YES;
				CLANG_WARN_STRICT_PROTOTYPES = YES;
				CLANG_WARN_SUSPICIOUS_MOVE = YES;
				CLANG_WARN_UNGUARDED_AVAILABILITY = YES_AGGRESSIVE;
				CLANG_WARN_UNREACHABLE_CODE = YES;
				CLANG_WARN__DUPLICATE_METHOD_MATCH = YES;
				COPY_PHASE_STRIP = NO;
				DEBUG_INFORMATION_FORMAT = dwarf;
				ENABLE_STRICT_OBJC_MSGSEND = YES;
				ENABLE_TESTABILITY = YES;
				ENABLE_USER_SCRIPT_SANDBOXING = YES;
				GCC_C_LANGUAGE_STANDARD = gnu17;
				GCC_DYNAMIC_NO_PIC = NO;
				GCC_NO_COMMON_BLOCKS = YES;
				GCC_OPTIMIZATION_LEVEL = 0;
				GCC_PREPROCESSOR_DEFINITIONS = (
					"DEBUG=1",
					"$(inherited)",
				);
				GCC_WARN_64_TO_32_BIT_CONVERSION = YES;
				GCC_WARN_ABOUT_RETURN_TYPE = YES_ERROR;
				GCC_WARN_UNDECLARED_SELECTOR = YES;
				GCC_WARN_UNINITIALIZED_AUTOS = YES_AGGRESSIVE;
				GCC_WARN_UNUSED_FUNCTION = YES;
				GCC_WARN_UNUSED_VARIABLE = YES;
				IPHONEOS_DEPLOYMENT_TARGET = 17.0;
				LOCALIZATION_PREFERS_STRING_CATALOGS = YES;
				MTL_ENABLE_DEBUG_INFO = INCLUDE_SOURCE;
				MTL_FAST_MATH = YES;
				ONLY_ACTIVE_ARCH = YES;
				SDKROOT = iphoneos;
				SWIFT_ACTIVE_COMPILATION_CONDITIONS = "DEBUG $(inherited)";
				SWIFT_OPTIMIZATION_LEVEL = "-Onone";
			};
			name = Debug;
		};
		A1B2C3D4E5F60072A1B2 /* Release */ = {
			isa = XCBuildConfiguration;
			buildSettings = {
				ALWAYS_SEARCH_USER_PATHS = NO;
				ASSETCATALOG_COMPILER_GENERATE_SWIFT_ASSET_SYMBOL_EXTENSIONS = YES;
				CLANG_ANALYZER_NONNULL = YES;
				CLANG_ANALYZER_NUMBER_OBJECT_CONVERSION = YES_AGGRESSIVE;
				CLANG_CXX_LANGUAGE_STANDARD = "gnu++20";
				CLANG_ENABLE_MODULES = YES;
				CLANG_ENABLE_OBJC_ARC = YES;
				CLANG_ENABLE_OBJC_WEAK = YES;
				CLANG_WARN_BLOCK_CAPTURE_AUTORELEASING = YES;
				CLANG_WARN_BOOL_CONVERSION = YES;
				CLANG_WARN_COMMA = YES;
				CLANG_WARN_CONSTANT_CONVERSION = YES;
				CLANG_WARN_DEPRECATED_OBJC_IMPLEMENTATIONS = YES;
				CLANG_WARN_DIRECT_OBJC_ISA_USAGE = YES_ERROR;
				CLANG_WARN_DOCUMENTATION_COMMENTS = YES;
				CLANG_WARN_EMPTY_BODY = YES;
				CLANG_WARN_ENUM_CONVERSION = YES;
				CLANG_WARN_INFINITE_RECURSION = YES;
				CLANG_WARN_INT_CONVERSION = YES;
				CLANG_WARN_NON_LITERAL_NULL_CONVERSION = YES;
				CLANG_WARN_OBJC_IMPLICIT_RETAIN_SELF = YES;
				CLANG_WARN_OBJC_LITERAL_CONVERSION = YES;
				CLANG_WARN_OBJC_ROOT_CLASS = YES_ERROR;
				CLANG_WARN_QUOTED_INCLUDE_IN_FRAMEWORK_HEADER = YES;
				CLANG_WARN_RANGE_LOOP_ANALYSIS = YES;
				CLANG_WARN_STRICT_PROTOTYPES = YES;
				CLANG_WARN_SUSPICIOUS_MOVE = YES;
				CLANG_WARN_UNGUARDED_AVAILABILITY = YES_AGGRESSIVE;
				CLANG_WARN_UNREACHABLE_CODE = YES;
				CLANG_WARN__DUPLICATE_METHOD_MATCH = YES;
				COPY_PHASE_STRIP = NO;
				DEBUG_INFORMATION_FORMAT = "dwarf-with-dsym";
				ENABLE_NS_ASSERTIONS = NO;
				ENABLE_STRICT_OBJC_MSGSEND = YES;
				ENABLE_USER_SCRIPT_SANDBOXING = YES;
				GCC_C_LANGUAGE_STANDARD = gnu17;
				GCC_NO_COMMON_BLOCKS = YES;
				GCC_WARN_64_TO_32_BIT_CONVERSION = YES;
				GCC_WARN_ABOUT_RETURN_TYPE = YES_ERROR;
				GCC_WARN_UNDECLARED_SELECTOR = YES;
				GCC_WARN_UNINITIALIZED_AUTOS = YES_AGGRESSIVE;
				GCC_WARN_UNUSED_FUNCTION = YES;
				GCC_WARN_UNUSED_VARIABLE = YES;
				IPHONEOS_DEPLOYMENT_TARGET = 17.0;
				LOCALIZATION_PREFERS_STRING_CATALOGS = YES;
				MTL_ENABLE_DEBUG_INFO = NO;
				MTL_FAST_MATH = YES;
				SDKROOT = iphoneos;
				SWIFT_COMPILATION_MODE = wholemodule;
				VALIDATE_PRODUCT = YES;
			};
			name = Release;
		};
		F1F22EF7789DD4F6C71D0763 /* Release */ = {
			isa = XCBuildConfiguration;
			buildSettings = {
				BUNDLE_LOADER = "$(TEST_HOST)";
				CLANG_ENABLE_OBJC_WEAK = NO;
				CODE_SIGN_STYLE = Automatic;
				DEVELOPMENT_TEAM = N28L9FHHL4;
				GENERATE_INFOPLIST_FILE = YES;
				IPHONEOS_DEPLOYMENT_TARGET = 17.0;
				PRODUCT_BUNDLE_IDENTIFIER = com.h.dev.oldIPhoneCameraExperience.tests;
				PRODUCT_NAME = "$(TARGET_NAME)";
				SDKROOT = iphoneos;
				SWIFT_VERSION = 5.0;
				TEST_HOST = "$(BUILT_PRODUCTS_DIR)/OldIPhoneCameraExperience.app/$(BUNDLE_EXECUTABLE_FOLDER_PATH)/OldIPhoneCameraExperience";
				VALIDATE_PRODUCT = YES;
			};
			name = Release;
		};
		FD1CB7A950BD915F39A15EA0 /* Debug */ = {
			isa = XCBuildConfiguration;
			buildSettings = {
				BUNDLE_LOADER = "$(TEST_HOST)";
				CLANG_ENABLE_OBJC_WEAK = NO;
				CODE_SIGN_STYLE = Automatic;
				DEVELOPMENT_TEAM = N28L9FHHL4;
				GENERATE_INFOPLIST_FILE = YES;
				IPHONEOS_DEPLOYMENT_TARGET = 17.0;
				PRODUCT_BUNDLE_IDENTIFIER = com.h.dev.oldIPhoneCameraExperience.tests;
				PRODUCT_NAME = "$(TARGET_NAME)";
				SDKROOT = iphoneos;
				SWIFT_VERSION = 5.0;
				TEST_HOST = "$(BUILT_PRODUCTS_DIR)/OldIPhoneCameraExperience.app/$(BUNDLE_EXECUTABLE_FOLDER_PATH)/OldIPhoneCameraExperience";
			};
			name = Debug;
		};
/* End XCBuildConfiguration section */

/* Begin XCConfigurationList section */
		5A79D7E805C6BBDC80AE01FE /* Build configuration list for PBXNativeTarget "OldIPhoneCameraExperienceTests" */ = {
			isa = XCConfigurationList;
			buildConfigurations = (
				F1F22EF7789DD4F6C71D0763 /* Release */,
				FD1CB7A950BD915F39A15EA0 /* Debug */,
			);
			defaultConfigurationIsVisible = 0;
			defaultConfigurationName = Release;
		};
		A1B2C3D4E5F60060A1B2 /* Build configuration list for PBXNativeTarget "OldIPhoneCameraExperience" */ = {
			isa = XCConfigurationList;
			buildConfigurations = (
				A1B2C3D4E5F60061A1B2 /* Debug */,
				A1B2C3D4E5F60062A1B2 /* Release */,
			);
			defaultConfigurationIsVisible = 0;
			defaultConfigurationName = Release;
		};
		A1B2C3D4E5F60070A1B2 /* Build configuration list for PBXProject "OldIPhoneCameraExperience" */ = {
			isa = XCConfigurationList;
			buildConfigurations = (
				A1B2C3D4E5F60071A1B2 /* Debug */,
				A1B2C3D4E5F60072A1B2 /* Release */,
			);
			defaultConfigurationIsVisible = 0;
			defaultConfigurationName = Release;
		};
/* End XCConfigurationList section */
	};
	rootObject = A1B2C3D4E5F60050A1B2 /* Project object */;
}
