// !$*UTF8*$!
{
	archiveVersion = 1;
	classes = {
	};
	objectVersion = 56;
	objects = {

/* Begin PBXBuildFile section */
		019A8C77CE9DBA2E5DDF56FA /* CropMode.swift in Sources */ = {isa = PBXBuildFile; fileRef = 2B65A0BD633BFFF57C9AD9BC /* CropMode.swift */; };
		02C079D53F1E1CADA2297D6F /* UIConstantsTests.swift in Sources */ = {isa = PBXBuildFile; fileRef = AD80C3C700C020BA4D273BAD /* UIConstantsTests.swift */; };
		0617283940516273C8D9EAFB /* CameraViewModelTests.swift in Sources */ = {isa = PBXBuildFile; fileRef = 172839405162B7C8D9EAFB0C /* CameraViewModelTests.swift */; };
		122232425262728292021222 /* ThumbnailViewTests.swift in Sources */ = {isa = PBXBuildFile; fileRef = 021222324252627282920212 /* ThumbnailViewTests.swift */; };
		13C6D62456883176CBB30A8F /* PhotoEditorServiceTests.swift in Sources */ = {isa = PBXBuildFile; fileRef = A0E95B6CE43D3888C1B37FE4 /* PhotoEditorServiceTests.swift */; };
		1AC5E002B7612D199759980C /* AspectRatio.swift in Sources */ = {isa = PBXBuildFile; fileRef = DBCB41F9F289C88F5EA787D6 /* AspectRatio.swift */; };
		1F6408A5CC6DD44015FF277A /* CaptureModeTests.swift in Sources */ = {isa = PBXBuildFile; fileRef = 8610F87E33AF5EA94E62FDD1 /* CaptureModeTests.swift */; };
		1FBB9321B75E4B69C35E72A8 /* FilterServiceAspectRatioTests.swift in Sources */ = {isa = PBXBuildFile; fileRef = AE38F9BA0B717E63CBEDC0B8 /* FilterServiceAspectRatioTests.swift */; };
		23970E3D03A3B4EBE8938AB4 /* CaptureResultTests.swift in Sources */ = {isa = PBXBuildFile; fileRef = A9899BE0B988345B4F3BE34C /* CaptureResultTests.swift */; };
		2A3B4C5D6E7F80910213A4B5 /* CameraService.swift in Sources */ = {isa = PBXBuildFile; fileRef = 3B4C5D6E7F809102A3B4C5D6 /* CameraService.swift */; };
		324252627282920212223242 /* IrisAnimationViewTests.swift in Sources */ = {isa = PBXBuildFile; fileRef = 223242526272829202122232 /* IrisAnimationViewTests.swift */; };
		3445091F2EA12DCA84FEAFAB /* CropRectCalculator.swift in Sources */ = {isa = PBXBuildFile; fileRef = A56AD9F89C24DE27FAFBBCC3 /* CropRectCalculator.swift */; };
		3B61693F4FFABF1CB7EC6DF8 /* PhotoEditorViewModelTests.swift in Sources */ = {isa = PBXBuildFile; fileRef = 75B4D75E86CCF432528C6488 /* PhotoEditorViewModelTests.swift */; };
		4338E6FF5ABA5BAC401B7F38 /* Foundation.framework in Frameworks */ = {isa = PBXBuildFile; fileRef = B520B638664763F6523960E3 /* Foundation.framework */; };
		4A5B6C7D8E9F0A1B2C3D4E5F /* CameraScreen.swift in Sources */ = {isa = PBXBuildFile; fileRef = 5B6C7D8E9F0A1B2C3D4E5F6A /* CameraScreen.swift */; };
		4C5D6E7F80910213A4B5C6D7 /* CameraServiceTests.swift in Sources */ = {isa = PBXBuildFile; fileRef = 6D7E8F9001213243A5B6C7D8 /* CameraServiceTests.swift */; };
		4EFE9BCB6884A809575C004F /* CameraConfigTests.swift in Sources */ = {isa = PBXBuildFile; fileRef = C32E7A4F6E04359D35EEB906 /* CameraConfigTests.swift */; };
		5C2014CC446755471A28F603 /* CropOverlayView.swift in Sources */ = {isa = PBXBuildFile; fileRef = C8E561ECB2653FEC3CD073CA /* CropOverlayView.swift */; };
		5D5A93AD1FFDD5C8A5F9B1F2 /* CameraState.swift in Sources */ = {isa = PBXBuildFile; fileRef = EE3779F108A19C45C792808B /* CameraState.swift */; };
		5D6CEA36E8D09E4624452AAD /* CropCoordinateTransformer.swift in Sources */ = {isa = PBXBuildFile; fileRef = BB8F307F50B9DA6F70677D19 /* CropCoordinateTransformer.swift */; };
		5E6F7A8B9C0D1E2F30415263 /* PhotoLibraryService.swift in Sources */ = {isa = PBXBuildFile; fileRef = 7F8A9B0C1D2E3F405162A3B4 /* PhotoLibraryService.swift */; };
		6089DB032E4D5D4421480381 /* AspectRatioButtonTests.swift in Sources */ = {isa = PBXBuildFile; fileRef = 20C3871AC3CB299D2BF905B2 /* AspectRatioButtonTests.swift */; };
		6C7D8E9F0A1B2C3D4E5F6A7B /* CameraScreenTests.swift in Sources */ = {isa = PBXBuildFile; fileRef = 7D8E9F0A1B2C3D4E5F6A7B8C /* CameraScreenTests.swift */; };
		6C98A88A968A51C6AA63D652 /* CameraServiceVideoTests.swift in Sources */ = {isa = PBXBuildFile; fileRef = 2AD78D6131B72BF4F8D8AF24 /* CameraServiceVideoTests.swift */; };
		711C6F2EB8D7C901705B1741 /* CameraScreenZoomTests.swift in Sources */ = {isa = PBXBuildFile; fileRef = 2FDFE62ED7C6691EE5FD05A1 /* CameraScreenZoomTests.swift */; };
		7AC949E20E29D107F6285759 /* RetroSegmentedControl.swift in Sources */ = {isa = PBXBuildFile; fileRef = ED68F7687982A14D195A70B9 /* RetroSegmentedControl.swift */; };
		83C7AF525EFB2D70944AF3FF /* FilterServiceVideoTests.swift in Sources */ = {isa = PBXBuildFile; fileRef = 7CAEFB2625C8E291998B3DCB /* FilterServiceVideoTests.swift */; };
		854BB1BCA7BE5B4FB6425440 /* ShakeEffectTests.swift in Sources */ = {isa = PBXBuildFile; fileRef = ABE39405F49468ED6F34AC8F /* ShakeEffectTests.swift */; };
		857910106CE522E55D70B142 /* PhotoLibraryServiceVideoTests.swift in Sources */ = {isa = PBXBuildFile; fileRef = 1A92CC9B08A64BB3CDC98D86 /* PhotoLibraryServiceVideoTests.swift */; };
		8A9B0C1D2E3F40516273A4B5 /* PhotoLibraryServiceTests.swift in Sources */ = {isa = PBXBuildFile; fileRef = 9B0C1D2E3F405162A3B4C5D6 /* PhotoLibraryServiceTests.swift */; };
		963D9F9C7FF03EE946B5D47E /* ShakeEffect.swift in Sources */ = {isa = PBXBuildFile; fileRef = F9ED7CA7D11F49FAC9D51B78 /* ShakeEffect.swift */; };
		A02225D5E6DE4EC336A0B109 /* FilterParameters.swift in Sources */ = {isa = PBXBuildFile; fileRef = 7757098C63292DEE1597FEDE /* FilterParameters.swift */; };
		A0B1C2D3E4F506172839A4B5 /* MotionService.swift in Sources */ = {isa = PBXBuildFile; fileRef = B1C2D3E4F50617283940A5B6 /* MotionService.swift */; };
		A1B2C3D4E5F60001A1B2 /* OldIPhoneCameraExperienceApp.swift in Sources */ = {isa = PBXBuildFile; fileRef = A1B2C3D4E5F60011A1B2 /* OldIPhoneCameraExperienceApp.swift */; };
		A1B2C3D4E5F60002A1B2 /* ContentView.swift in Sources */ = {isa = PBXBuildFile; fileRef = A1B2C3D4E5F60012A1B2 /* ContentView.swift */; };
		A1B2C3D4E5F60003A1B2 /* Assets.xcassets in Resources */ = {isa = PBXBuildFile; fileRef = A1B2C3D4E5F60013A1B2 /* Assets.xcassets */; };
		A1B2C3D4E5F60004A1B2 /* Preview Assets.xcassets in Resources */ = {isa = PBXBuildFile; fileRef = A1B2C3D4E5F60014A1B2 /* Preview Assets.xcassets */; };
		AB107D236972BFF1152355F9 /* PhotoEditorService.swift in Sources */ = {isa = PBXBuildFile; fileRef = BAF6F0D996505307A025CFE3 /* PhotoEditorService.swift */; };
		AE1723CBE3AC2AD8BA41E69D /* CameraPreviewView.swift in Sources */ = {isa = PBXBuildFile; fileRef = 04E309ED94AA063240745AEC /* CameraPreviewView.swift */; };
		B1404D329FAFDD9427DFB59B /* RetroSlider.swift in Sources */ = {isa = PBXBuildFile; fileRef = 262994AAC8C8CDF5596B7EA6 /* RetroSlider.swift */; };
		B1B2B3B4B5B6B7B8B9B0B1B2 /* ToolbarButton.swift in Sources */ = {isa = PBXBuildFile; fileRef = A1A2A3A4A5A6A7A8A9A0A1A2 /* ToolbarButton.swift */; };
		B1E12DCC51E454A52BCC01AB /* FilterConfigTests.swift in Sources */ = {isa = PBXBuildFile; fileRef = C69CB50BD0C3F18C32A9DF7F /* FilterConfigTests.swift */; };
		B2C2D2E2F202122232425262 /* IrisAnimationView.swift in Sources */ = {isa = PBXBuildFile; fileRef = A2B2C2D2E2F2021222324252 /* IrisAnimationView.swift */; };
		B4D3F8B48B5C4133F640BA9B /* PhotoEditorCropTests.swift in Sources */ = {isa = PBXBuildFile; fileRef = 8BD11436ECCC87F1356AB98D /* PhotoEditorCropTests.swift */; };
		B58CD2134592D48D9298438F /* AspectRatioTests.swift in Sources */ = {isa = PBXBuildFile; fileRef = 7A526E25A48BCE62CF5ABBEB /* AspectRatioTests.swift */; };
		B8AEDE2A791BF962F87FFDD5 /* CameraStateTests.swift in Sources */ = {isa = PBXBuildFile; fileRef = 0DBCB60C3DA33EC1CC08BFF9 /* CameraStateTests.swift */; };
		BDB8BC170173E486556B6F2B /* CaptureResult.swift in Sources */ = {isa = PBXBuildFile; fileRef = 979D5FF9CC294CF1CD271B1E /* CaptureResult.swift */; };
		C0B4415FB10A22D6F6BBF0C6 /* CameraModel.swift in Sources */ = {isa = PBXBuildFile; fileRef = 3DB316BB04E98413BEA64D1C /* CameraModel.swift */; };
		C2D3E4F5061728394051A6B7 /* MotionServiceTests.swift in Sources */ = {isa = PBXBuildFile; fileRef = D3E4F506172839405162B7C8 /* MotionServiceTests.swift */; };
		CCF6D1218D88F81E292D7E8D /* PhotoEditorScreen.swift in Sources */ = {isa = PBXBuildFile; fileRef = 53B65A2159F071A558DE5E6D /* PhotoEditorScreen.swift */; };
		CFDB9C2DF41182174BD2646C /* EditorConstants.swift in Sources */ = {isa = PBXBuildFile; fileRef = CD6B686A9E2235DE7114DC25 /* EditorConstants.swift */; };
		D11A42D11B2BC30C4143256A /* UIConstants.swift in Sources */ = {isa = PBXBuildFile; fileRef = 362DF8AB68FD66687F8ACF7D /* UIConstants.swift */; };
		D1D2D3D4D5D6D7D8D9D0D1D2 /* ShutterButton.swift in Sources */ = {isa = PBXBuildFile; fileRef = C1C2C3C4C5C6C7C8C9C0C1C2 /* ShutterButton.swift */; };
		D2E2F2021222324252627282 /* ToolbarButtonTests.swift in Sources */ = {isa = PBXBuildFile; fileRef = C2D2E2F20212223242526272 /* ToolbarButtonTests.swift */; };
		D3260D603D0AB4497DA6784E /* FilterParametersTests.swift in Sources */ = {isa = PBXBuildFile; fileRef = 0A9AC7ECF55E5C36A1C442D0 /* FilterParametersTests.swift */; };
		D957EFBE9FEE0A8D9DDA06B2 /* CameraConfig.swift in Sources */ = {isa = PBXBuildFile; fileRef = D666FBEA7FBD263F5D8FBD84 /* CameraConfig.swift */; };
		DFB107CC4FE7068FD83C45BF /* FilterConfig.swift in Sources */ = {isa = PBXBuildFile; fileRef = 2DBC4E2F447AD3F5FB15B579 /* FilterConfig.swift */; };
		E21F965F1CEE7612FDB3848F /* FlashButtonUITests.swift in Sources */ = {isa = PBXBuildFile; fileRef = ABBD48F29AA48DB7F186F5B4 /* FlashButtonUITests.swift */; };
		E4F5061728394051A6B7C8D9 /* CameraViewModel.swift in Sources */ = {isa = PBXBuildFile; fileRef = F506172839405162B7C8D9EA /* CameraViewModel.swift */; };
		E63493980956CC57D030E440 /* FilterServiceTests.swift in Sources */ = {isa = PBXBuildFile; fileRef = 5F6A7B8C9D0E1F203142A5B6 /* FilterServiceTests.swift */; };
		E93C5F8D5058EB77F5FB28AD /* CameraViewModelVideoTests.swift in Sources */ = {isa = PBXBuildFile; fileRef = 61F920A887E7BB6BFD7B7930 /* CameraViewModelVideoTests.swift */; };
		EA4F1D73805BD2B41D994DD8 /* CameraModelTests.swift in Sources */ = {isa = PBXBuildFile; fileRef = 01A192864744D16C969E2BFF /* CameraModelTests.swift */; };
		ED2B46479BF40ADF4B00CBE8 /* ZoomIndicatorTests.swift in Sources */ = {isa = PBXBuildFile; fileRef = 4B8B8A61154675538C17CA4A /* ZoomIndicatorTests.swift */; };
		F1F2F3F4F5F6F7F8F9F0F1F2 /* ThumbnailView.swift in Sources */ = {isa = PBXBuildFile; fileRef = E1E2E3E4E5E6E7E8E9E0E1E2 /* ThumbnailView.swift */; };
		F20212223242526272829202 /* ShutterButtonTests.swift in Sources */ = {isa = PBXBuildFile; fileRef = E2F202122232425262728292 /* ShutterButtonTests.swift */; };
		F22EFB410D17AA9316BAD1B2 /* FilterService.swift in Sources */ = {isa = PBXBuildFile; fileRef = 1A2B3C4D5E6F70819203A4B5 /* FilterService.swift */; };
		F37E3C7B426D760BBE107F24 /* CameraViewModelAspectRatioTests.swift in Sources */ = {isa = PBXBuildFile; fileRef = 87D05C3400DB15E123F4CB9B /* CameraViewModelAspectRatioTests.swift */; };
		F89D44B2401CE2AB9C8D4649 /* PhotoEditorViewModel.swift in Sources */ = {isa = PBXBuildFile; fileRef = 94020F75C47454C3EB54B3D1 /* PhotoEditorViewModel.swift */; };
		FD1213DA9FD929CF4CE35183 /* ZoomIndicator.swift in Sources */ = {isa = PBXBuildFile; fileRef = 24AC33CF3464B72C40730464 /* ZoomIndicator.swift */; };
/* End PBXBuildFile section */

/* Begin PBXContainerItemProxy section */
		9D4431F2EAA86ACB9461B8A8 /* PBXContainerItemProxy */ = {
			isa = PBXContainerItemProxy;
			containerPortal = A1B2C3D4E5F60050A1B2 /* Project object */;
			proxyType = 1;
			remoteGlobalIDString = A1B2C3D4E5F60040A1B2;
			remoteInfo = OldIPhoneCameraExperience;
		};
/* End PBXContainerItemProxy section */

/* Begin PBXFileReference section */
		01A192864744D16C969E2BFF /* CameraModelTests.swift */ = {isa = PBXFileReference; includeInIndex = 1; lastKnownFileType = sourcecode.swift; path = CameraModelTests.swift; sourceTree = "<group>"; };
		021222324252627282920212 /* ThumbnailViewTests.swift */ = {isa = PBXFileReference; lastKnownFileType = sourcecode.swift; path = ThumbnailViewTests.swift; sourceTree = "<group>"; };
		04E309ED94AA063240745AEC /* CameraPreviewView.swift */ = {isa = PBXFileReference; lastKnownFileType = sourcecode.swift; path = CameraPreviewView.swift; sourceTree = "<group>"; };
		0A9AC7ECF55E5C36A1C442D0 /* FilterParametersTests.swift */ = {isa = PBXFileReference; includeInIndex = 1; lastKnownFileType = sourcecode.swift; path = FilterParametersTests.swift; sourceTree = "<group>"; };
		0DBCB60C3DA33EC1CC08BFF9 /* CameraStateTests.swift */ = {isa = PBXFileReference; includeInIndex = 1; lastKnownFileType = sourcecode.swift; path = CameraStateTests.swift; sourceTree = "<group>"; };
		172839405162B7C8D9EAFB0C /* CameraViewModelTests.swift */ = {isa = PBXFileReference; lastKnownFileType = sourcecode.swift; path = CameraViewModelTests.swift; sourceTree = "<group>"; };
		1A2B3C4D5E6F70819203A4B5 /* FilterService.swift */ = {isa = PBXFileReference; lastKnownFileType = sourcecode.swift; path = FilterService.swift; sourceTree = "<group>"; };
		1A92CC9B08A64BB3CDC98D86 /* PhotoLibraryServiceVideoTests.swift */ = {isa = PBXFileReference; includeInIndex = 1; lastKnownFileType = sourcecode.swift; path = PhotoLibraryServiceVideoTests.swift; sourceTree = "<group>"; };
		20C3871AC3CB299D2BF905B2 /* AspectRatioButtonTests.swift */ = {isa = PBXFileReference; includeInIndex = 1; lastKnownFileType = sourcecode.swift; path = AspectRatioButtonTests.swift; sourceTree = "<group>"; };
		223242526272829202122232 /* IrisAnimationViewTests.swift */ = {isa = PBXFileReference; lastKnownFileType = sourcecode.swift; path = IrisAnimationViewTests.swift; sourceTree = "<group>"; };
		24AC33CF3464B72C40730464 /* ZoomIndicator.swift */ = {isa = PBXFileReference; includeInIndex = 1; lastKnownFileType = sourcecode.swift; path = ZoomIndicator.swift; sourceTree = "<group>"; };
		262994AAC8C8CDF5596B7EA6 /* RetroSlider.swift */ = {isa = PBXFileReference; includeInIndex = 1; lastKnownFileType = sourcecode.swift; path = RetroSlider.swift; sourceTree = "<group>"; };
		2AD78D6131B72BF4F8D8AF24 /* CameraServiceVideoTests.swift */ = {isa = PBXFileReference; includeInIndex = 1; lastKnownFileType = sourcecode.swift; path = CameraServiceVideoTests.swift; sourceTree = "<group>"; };
		2B65A0BD633BFFF57C9AD9BC /* CropMode.swift */ = {isa = PBXFileReference; includeInIndex = 1; lastKnownFileType = sourcecode.swift; path = CropMode.swift; sourceTree = "<group>"; };
		2DBC4E2F447AD3F5FB15B579 /* FilterConfig.swift */ = {isa = PBXFileReference; includeInIndex = 1; lastKnownFileType = sourcecode.swift; path = FilterConfig.swift; sourceTree = "<group>"; };
		2FDFE62ED7C6691EE5FD05A1 /* CameraScreenZoomTests.swift */ = {isa = PBXFileReference; includeInIndex = 1; lastKnownFileType = sourcecode.swift; path = CameraScreenZoomTests.swift; sourceTree = "<group>"; };
		362DF8AB68FD66687F8ACF7D /* UIConstants.swift */ = {isa = PBXFileReference; includeInIndex = 1; lastKnownFileType = sourcecode.swift; path = UIConstants.swift; sourceTree = "<group>"; };
		3B4C5D6E7F809102A3B4C5D6 /* CameraService.swift */ = {isa = PBXFileReference; lastKnownFileType = sourcecode.swift; path = CameraService.swift; sourceTree = "<group>"; };
		3DB316BB04E98413BEA64D1C /* CameraModel.swift */ = {isa = PBXFileReference; includeInIndex = 1; lastKnownFileType = sourcecode.swift; path = CameraModel.swift; sourceTree = "<group>"; };
		4B8B8A61154675538C17CA4A /* ZoomIndicatorTests.swift */ = {isa = PBXFileReference; includeInIndex = 1; lastKnownFileType = sourcecode.swift; path = ZoomIndicatorTests.swift; sourceTree = "<group>"; };
		53B65A2159F071A558DE5E6D /* PhotoEditorScreen.swift */ = {isa = PBXFileReference; includeInIndex = 1; lastKnownFileType = sourcecode.swift; path = PhotoEditorScreen.swift; sourceTree = "<group>"; };
		5B6C7D8E9F0A1B2C3D4E5F6A /* CameraScreen.swift */ = {isa = PBXFileReference; lastKnownFileType = sourcecode.swift; path = CameraScreen.swift; sourceTree = "<group>"; };
		5F6A7B8C9D0E1F203142A5B6 /* FilterServiceTests.swift */ = {isa = PBXFileReference; lastKnownFileType = sourcecode.swift; path = FilterServiceTests.swift; sourceTree = "<group>"; };
		61F920A887E7BB6BFD7B7930 /* CameraViewModelVideoTests.swift */ = {isa = PBXFileReference; includeInIndex = 1; lastKnownFileType = sourcecode.swift; path = CameraViewModelVideoTests.swift; sourceTree = "<group>"; };
		6D7E8F9001213243A5B6C7D8 /* CameraServiceTests.swift */ = {isa = PBXFileReference; lastKnownFileType = sourcecode.swift; path = CameraServiceTests.swift; sourceTree = "<group>"; };
		75B4D75E86CCF432528C6488 /* PhotoEditorViewModelTests.swift */ = {isa = PBXFileReference; includeInIndex = 1; lastKnownFileType = sourcecode.swift; path = PhotoEditorViewModelTests.swift; sourceTree = "<group>"; };
		7757098C63292DEE1597FEDE /* FilterParameters.swift */ = {isa = PBXFileReference; includeInIndex = 1; lastKnownFileType = sourcecode.swift; path = FilterParameters.swift; sourceTree = "<group>"; };
		7A526E25A48BCE62CF5ABBEB /* AspectRatioTests.swift */ = {isa = PBXFileReference; includeInIndex = 1; lastKnownFileType = sourcecode.swift; path = AspectRatioTests.swift; sourceTree = "<group>"; };
		7CAEFB2625C8E291998B3DCB /* FilterServiceVideoTests.swift */ = {isa = PBXFileReference; includeInIndex = 1; lastKnownFileType = sourcecode.swift; path = FilterServiceVideoTests.swift; sourceTree = "<group>"; };
		7D8E9F0A1B2C3D4E5F6A7B8C /* CameraScreenTests.swift */ = {isa = PBXFileReference; lastKnownFileType = sourcecode.swift; path = CameraScreenTests.swift; sourceTree = "<group>"; };
		7F8A9B0C1D2E3F405162A3B4 /* PhotoLibraryService.swift */ = {isa = PBXFileReference; lastKnownFileType = sourcecode.swift; path = PhotoLibraryService.swift; sourceTree = "<group>"; };
		8348BD3A77FC46296AC1A10C /* OldIPhoneCameraExperienceTests.xctest */ = {isa = PBXFileReference; explicitFileType = wrapper.cfbundle; includeInIndex = 0; path = OldIPhoneCameraExperienceTests.xctest; sourceTree = BUILT_PRODUCTS_DIR; };
		8610F87E33AF5EA94E62FDD1 /* CaptureModeTests.swift */ = {isa = PBXFileReference; includeInIndex = 1; lastKnownFileType = sourcecode.swift; path = CaptureModeTests.swift; sourceTree = "<group>"; };
		87D05C3400DB15E123F4CB9B /* CameraViewModelAspectRatioTests.swift */ = {isa = PBXFileReference; includeInIndex = 1; lastKnownFileType = sourcecode.swift; path = CameraViewModelAspectRatioTests.swift; sourceTree = "<group>"; };
		8BD11436ECCC87F1356AB98D /* PhotoEditorCropTests.swift */ = {isa = PBXFileReference; includeInIndex = 1; lastKnownFileType = sourcecode.swift; path = PhotoEditorCropTests.swift; sourceTree = "<group>"; };
		94020F75C47454C3EB54B3D1 /* PhotoEditorViewModel.swift */ = {isa = PBXFileReference; includeInIndex = 1; lastKnownFileType = sourcecode.swift; path = PhotoEditorViewModel.swift; sourceTree = "<group>"; };
		979D5FF9CC294CF1CD271B1E /* CaptureResult.swift */ = {isa = PBXFileReference; includeInIndex = 1; lastKnownFileType = sourcecode.swift; path = CaptureResult.swift; sourceTree = "<group>"; };
		9B0C1D2E3F405162A3B4C5D6 /* PhotoLibraryServiceTests.swift */ = {isa = PBXFileReference; lastKnownFileType = sourcecode.swift; path = PhotoLibraryServiceTests.swift; sourceTree = "<group>"; };
		A0E95B6CE43D3888C1B37FE4 /* PhotoEditorServiceTests.swift */ = {isa = PBXFileReference; includeInIndex = 1; lastKnownFileType = sourcecode.swift; path = PhotoEditorServiceTests.swift; sourceTree = "<group>"; };
		A1A2A3A4A5A6A7A8A9A0A1A2 /* ToolbarButton.swift */ = {isa = PBXFileReference; lastKnownFileType = sourcecode.swift; path = ToolbarButton.swift; sourceTree = "<group>"; };
		A1B2C3D4E5F60010A1B2 /* OldIPhoneCameraExperience.app */ = {isa = PBXFileReference; explicitFileType = wrapper.application; includeInIndex = 0; path = OldIPhoneCameraExperience.app; sourceTree = BUILT_PRODUCTS_DIR; };
		A1B2C3D4E5F60011A1B2 /* OldIPhoneCameraExperienceApp.swift */ = {isa = PBXFileReference; lastKnownFileType = sourcecode.swift; path = OldIPhoneCameraExperienceApp.swift; sourceTree = "<group>"; };
		A1B2C3D4E5F60012A1B2 /* ContentView.swift */ = {isa = PBXFileReference; lastKnownFileType = sourcecode.swift; path = ContentView.swift; sourceTree = "<group>"; };
		A1B2C3D4E5F60013A1B2 /* Assets.xcassets */ = {isa = PBXFileReference; lastKnownFileType = folder.assetcatalog; path = Assets.xcassets; sourceTree = "<group>"; };
		A1B2C3D4E5F60014A1B2 /* Preview Assets.xcassets */ = {isa = PBXFileReference; lastKnownFileType = folder.assetcatalog; path = "Preview Assets.xcassets"; sourceTree = "<group>"; };
		A2B2C2D2E2F2021222324252 /* IrisAnimationView.swift */ = {isa = PBXFileReference; lastKnownFileType = sourcecode.swift; path = IrisAnimationView.swift; sourceTree = "<group>"; };
		A56AD9F89C24DE27FAFBBCC3 /* CropRectCalculator.swift */ = {isa = PBXFileReference; includeInIndex = 1; lastKnownFileType = sourcecode.swift; path = CropRectCalculator.swift; sourceTree = "<group>"; };
		A9899BE0B988345B4F3BE34C /* CaptureResultTests.swift */ = {isa = PBXFileReference; includeInIndex = 1; lastKnownFileType = sourcecode.swift; path = CaptureResultTests.swift; sourceTree = "<group>"; };
		ABBD48F29AA48DB7F186F5B4 /* FlashButtonUITests.swift */ = {isa = PBXFileReference; includeInIndex = 1; lastKnownFileType = sourcecode.swift; path = FlashButtonUITests.swift; sourceTree = "<group>"; };
		ABE39405F49468ED6F34AC8F /* ShakeEffectTests.swift */ = {isa = PBXFileReference; includeInIndex = 1; lastKnownFileType = sourcecode.swift; path = ShakeEffectTests.swift; sourceTree = "<group>"; };
		AD80C3C700C020BA4D273BAD /* UIConstantsTests.swift */ = {isa = PBXFileReference; includeInIndex = 1; lastKnownFileType = sourcecode.swift; path = UIConstantsTests.swift; sourceTree = "<group>"; };
		AE38F9BA0B717E63CBEDC0B8 /* FilterServiceAspectRatioTests.swift */ = {isa = PBXFileReference; includeInIndex = 1; lastKnownFileType = sourcecode.swift; path = FilterServiceAspectRatioTests.swift; sourceTree = "<group>"; };
		B1C2D3E4F50617283940A5B6 /* MotionService.swift */ = {isa = PBXFileReference; lastKnownFileType = sourcecode.swift; path = MotionService.swift; sourceTree = "<group>"; };
		B520B638664763F6523960E3 /* Foundation.framework */ = {isa = PBXFileReference; lastKnownFileType = wrapper.framework; name = Foundation.framework; path = Platforms/iPhoneOS.platform/Developer/SDKs/iPhoneOS18.0.sdk/System/Library/Frameworks/Foundation.framework; sourceTree = DEVELOPER_DIR; };
		BAF6F0D996505307A025CFE3 /* PhotoEditorService.swift */ = {isa = PBXFileReference; includeInIndex = 1; lastKnownFileType = sourcecode.swift; path = PhotoEditorService.swift; sourceTree = "<group>"; };
		BB8F307F50B9DA6F70677D19 /* CropCoordinateTransformer.swift */ = {isa = PBXFileReference; includeInIndex = 1; lastKnownFileType = sourcecode.swift; path = CropCoordinateTransformer.swift; sourceTree = "<group>"; };
		C1C2C3C4C5C6C7C8C9C0C1C2 /* ShutterButton.swift */ = {isa = PBXFileReference; lastKnownFileType = sourcecode.swift; path = ShutterButton.swift; sourceTree = "<group>"; };
		C2D2E2F20212223242526272 /* ToolbarButtonTests.swift */ = {isa = PBXFileReference; lastKnownFileType = sourcecode.swift; path = ToolbarButtonTests.swift; sourceTree = "<group>"; };
		C32E7A4F6E04359D35EEB906 /* CameraConfigTests.swift */ = {isa = PBXFileReference; includeInIndex = 1; lastKnownFileType = sourcecode.swift; path = CameraConfigTests.swift; sourceTree = "<group>"; };
		C69CB50BD0C3F18C32A9DF7F /* FilterConfigTests.swift */ = {isa = PBXFileReference; includeInIndex = 1; lastKnownFileType = sourcecode.swift; path = FilterConfigTests.swift; sourceTree = "<group>"; };
		C8E561ECB2653FEC3CD073CA /* CropOverlayView.swift */ = {isa = PBXFileReference; includeInIndex = 1; lastKnownFileType = sourcecode.swift; path = CropOverlayView.swift; sourceTree = "<group>"; };
		CD6B686A9E2235DE7114DC25 /* EditorConstants.swift */ = {isa = PBXFileReference; includeInIndex = 1; lastKnownFileType = sourcecode.swift; path = EditorConstants.swift; sourceTree = "<group>"; };
		D3E4F506172839405162B7C8 /* MotionServiceTests.swift */ = {isa = PBXFileReference; lastKnownFileType = sourcecode.swift; path = MotionServiceTests.swift; sourceTree = "<group>"; };
		D666FBEA7FBD263F5D8FBD84 /* CameraConfig.swift */ = {isa = PBXFileReference; includeInIndex = 1; lastKnownFileType = sourcecode.swift; path = CameraConfig.swift; sourceTree = "<group>"; };
		DBCB41F9F289C88F5EA787D6 /* AspectRatio.swift */ = {isa = PBXFileReference; includeInIndex = 1; lastKnownFileType = sourcecode.swift; path = AspectRatio.swift; sourceTree = "<group>"; };
		E1E2E3E4E5E6E7E8E9E0E1E2 /* ThumbnailView.swift */ = {isa = PBXFileReference; lastKnownFileType = sourcecode.swift; path = ThumbnailView.swift; sourceTree = "<group>"; };
		E2F202122232425262728292 /* ShutterButtonTests.swift */ = {isa = PBXFileReference; lastKnownFileType = sourcecode.swift; path = ShutterButtonTests.swift; sourceTree = "<group>"; };
		ED68F7687982A14D195A70B9 /* RetroSegmentedControl.swift */ = {isa = PBXFileReference; includeInIndex = 1; lastKnownFileType = sourcecode.swift; path = RetroSegmentedControl.swift; sourceTree = "<group>"; };
		EE3779F108A19C45C792808B /* CameraState.swift */ = {isa = PBXFileReference; includeInIndex = 1; lastKnownFileType = sourcecode.swift; path = CameraState.swift; sourceTree = "<group>"; };
		F506172839405162B7C8D9EA /* CameraViewModel.swift */ = {isa = PBXFileReference; lastKnownFileType = sourcecode.swift; path = CameraViewModel.swift; sourceTree = "<group>"; };
		F9ED7CA7D11F49FAC9D51B78 /* ShakeEffect.swift */ = {isa = PBXFileReference; includeInIndex = 1; lastKnownFileType = sourcecode.swift; path = ShakeEffect.swift; sourceTree = "<group>"; };
/* End PBXFileReference section */

/* Begin PBXFrameworksBuildPhase section */
		A1B2C3D4E5F60020A1B2 /* Frameworks */ = {
			isa = PBXFrameworksBuildPhase;
			buildActionMask = 2147483647;
			files = (
			);
			runOnlyForDeploymentPostprocessing = 0;
		};
		AA15CB0558869342FD609972 /* Frameworks */ = {
			isa = PBXFrameworksBuildPhase;
			buildActionMask = 2147483647;
			files = (
				4338E6FF5ABA5BAC401B7F38 /* Foundation.framework in Frameworks */,
			);
			runOnlyForDeploymentPostprocessing = 0;
		};
/* End PBXFrameworksBuildPhase section */

/* Begin PBXGroup section */
		2535251CD7BB30F9EF2AFEE1 /* Core */ = {
			isa = PBXGroup;
			children = (
				BB4BDC2B5D9BD76D84FACF06 /* Constants */,
			);
			path = Core;
			sourceTree = "<group>";
		};
		283940516273B7C8D9EAFB1D /* ViewModels */ = {
			isa = PBXGroup;
			children = (
				F506172839405162B7C8D9EA /* CameraViewModel.swift */,
				94020F75C47454C3EB54B3D1 /* PhotoEditorViewModel.swift */,
			);
			path = ViewModels;
			sourceTree = "<group>";
		};
		2A0FB8EF8F182474C2C2B958 /* Skeuomorphic */ = {
			isa = PBXGroup;
			children = (
				262994AAC8C8CDF5596B7EA6 /* RetroSlider.swift */,
				ED68F7687982A14D195A70B9 /* RetroSegmentedControl.swift */,
			);
			path = Skeuomorphic;
			sourceTree = "<group>";
		};
		2E94788D3F18860237C40518 /* Frameworks */ = {
			isa = PBXGroup;
			children = (
				9B6E65CFBC93995BA18CDC99 /* iOS */,
			);
			name = Frameworks;
			sourceTree = "<group>";
		};
		3940516273B7C8D9EAFB1D2E /* ViewModels */ = {
			isa = PBXGroup;
			children = (
				172839405162B7C8D9EAFB0C /* CameraViewModelTests.swift */,
				61F920A887E7BB6BFD7B7930 /* CameraViewModelVideoTests.swift */,
				87D05C3400DB15E123F4CB9B /* CameraViewModelAspectRatioTests.swift */,
				75B4D75E86CCF432528C6488 /* PhotoEditorViewModelTests.swift */,
			);
			path = ViewModels;
			sourceTree = "<group>";
		};
		425262728292021222324252 /* Views */ = {
			isa = PBXGroup;
			children = (
				526272829202122232425262 /* Components */,
				5B6C7D8E9F0A1B2C3D4E5F6A /* CameraScreen.swift */,
				B65EEA8EADF06052077720E2 /* Screens */,
			);
			path = Views;
			sourceTree = "<group>";
		};
		526272829202122232425262 /* Components */ = {
			isa = PBXGroup;
			children = (
				A1A2A3A4A5A6A7A8A9A0A1A2 /* ToolbarButton.swift */,
				C1C2C3C4C5C6C7C8C9C0C1C2 /* ShutterButton.swift */,
				E1E2E3E4E5E6E7E8E9E0E1E2 /* ThumbnailView.swift */,
				A2B2C2D2E2F2021222324252 /* IrisAnimationView.swift */,
				04E309ED94AA063240745AEC /* CameraPreviewView.swift */,
				24AC33CF3464B72C40730464 /* ZoomIndicator.swift */,
				2A0FB8EF8F182474C2C2B958 /* Skeuomorphic */,
				DB098E0AD417FF18267E5753 /* Editor */,
			);
			path = Components;
			sourceTree = "<group>";
		};
		578948AC6E4190B4F6C01CF3 /* Core */ = {
			isa = PBXGroup;
			children = (
				A6C1B85A02934C9A81EF8AA2 /* Constants */,
				F4076DB328DE02455578CEDB /* Utils */,
			);
			path = Core;
			sourceTree = "<group>";
		};
		627282920212223242526272 /* Views */ = {
			isa = PBXGroup;
			children = (
				728292021222324252627282 /* Components */,
				8E9F0A1B2C3D4E5F6A7B8C9D /* Screens */,
			);
			path = Views;
			sourceTree = "<group>";
		};
		728292021222324252627282 /* Components */ = {
			isa = PBXGroup;
			children = (
				C2D2E2F20212223242526272 /* ToolbarButtonTests.swift */,
				E2F202122232425262728292 /* ShutterButtonTests.swift */,
				021222324252627282920212 /* ThumbnailViewTests.swift */,
				223242526272829202122232 /* IrisAnimationViewTests.swift */,
				4B8B8A61154675538C17CA4A /* ZoomIndicatorTests.swift */,
				20C3871AC3CB299D2BF905B2 /* AspectRatioButtonTests.swift */,
				ABBD48F29AA48DB7F186F5B4 /* FlashButtonUITests.swift */,
			);
			path = Components;
			sourceTree = "<group>";
		};
		7B4B927A9B11FFC029A9BBEF /* OldIPhoneCameraExperienceTests */ = {
			isa = PBXGroup;
			children = (
				2535251CD7BB30F9EF2AFEE1 /* Core */,
				C999DF3D11A9A655F29E2242 /* Models */,
				7EA94002492146F6E83D6456 /* Services */,
				3940516273B7C8D9EAFB1D2E /* ViewModels */,
				627282920212223242526272 /* Views */,
			);
			path = OldIPhoneCameraExperienceTests;
			sourceTree = "<group>";
		};
		7EA94002492146F6E83D6456 /* Services */ = {
			isa = PBXGroup;
			children = (
				5F6A7B8C9D0E1F203142A5B6 /* FilterServiceTests.swift */,
				6D7E8F9001213243A5B6C7D8 /* CameraServiceTests.swift */,
				9B0C1D2E3F405162A3B4C5D6 /* PhotoLibraryServiceTests.swift */,
				D3E4F506172839405162B7C8 /* MotionServiceTests.swift */,
				2AD78D6131B72BF4F8D8AF24 /* CameraServiceVideoTests.swift */,
				7CAEFB2625C8E291998B3DCB /* FilterServiceVideoTests.swift */,
				1A92CC9B08A64BB3CDC98D86 /* PhotoLibraryServiceVideoTests.swift */,
				AE38F9BA0B717E63CBEDC0B8 /* FilterServiceAspectRatioTests.swift */,
				A0E95B6CE43D3888C1B37FE4 /* PhotoEditorServiceTests.swift */,
				8BD11436ECCC87F1356AB98D /* PhotoEditorCropTests.swift */,
			);
			path = Services;
			sourceTree = "<group>";
		};
		8E9F0A1B2C3D4E5F6A7B8C9D /* Screens */ = {
			isa = PBXGroup;
			children = (
				7D8E9F0A1B2C3D4E5F6A7B8C /* CameraScreenTests.swift */,
				2FDFE62ED7C6691EE5FD05A1 /* CameraScreenZoomTests.swift */,
			);
			path = Screens;
			sourceTree = "<group>";
		};
		9B6E65CFBC93995BA18CDC99 /* iOS */ = {
			isa = PBXGroup;
			children = (
				B520B638664763F6523960E3 /* Foundation.framework */,
			);
			name = iOS;
			sourceTree = "<group>";
		};
		A1B2C3D4E5F60030A1B2 = {
			isa = PBXGroup;
			children = (
				A1B2C3D4E5F60031A1B2 /* OldIPhoneCameraExperience */,
				A1B2C3D4E5F60032A1B2 /* Products */,
				2E94788D3F18860237C40518 /* Frameworks */,
				7B4B927A9B11FFC029A9BBEF /* OldIPhoneCameraExperienceTests */,
			);
			sourceTree = "<group>";
		};
		A1B2C3D4E5F60031A1B2 /* OldIPhoneCameraExperience */ = {
			isa = PBXGroup;
			children = (
				A1B2C3D4E5F60011A1B2 /* OldIPhoneCameraExperienceApp.swift */,
				A1B2C3D4E5F60012A1B2 /* ContentView.swift */,
				A1B2C3D4E5F60013A1B2 /* Assets.xcassets */,
				A1B2C3D4E5F60033A1B2 /* Preview Content */,
				578948AC6E4190B4F6C01CF3 /* Core */,
				E09F2EAE86B75DD59499EC8F /* Models */,
				D474CD77D24CA7A5F761D223 /* Services */,
				283940516273B7C8D9EAFB1D /* ViewModels */,
				425262728292021222324252 /* Views */,
			);
			path = OldIPhoneCameraExperience;
			sourceTree = "<group>";
		};
		A1B2C3D4E5F60032A1B2 /* Products */ = {
			isa = PBXGroup;
			children = (
				A1B2C3D4E5F60010A1B2 /* OldIPhoneCameraExperience.app */,
				8348BD3A77FC46296AC1A10C /* OldIPhoneCameraExperienceTests.xctest */,
			);
			name = Products;
			sourceTree = "<group>";
		};
		A1B2C3D4E5F60033A1B2 /* Preview Content */ = {
			isa = PBXGroup;
			children = (
				A1B2C3D4E5F60014A1B2 /* Preview Assets.xcassets */,
			);
			path = "Preview Content";
			sourceTree = "<group>";
		};
		A6C1B85A02934C9A81EF8AA2 /* Constants */ = {
			isa = PBXGroup;
			children = (
				7757098C63292DEE1597FEDE /* FilterParameters.swift */,
				D666FBEA7FBD263F5D8FBD84 /* CameraConfig.swift */,
				362DF8AB68FD66687F8ACF7D /* UIConstants.swift */,
				CD6B686A9E2235DE7114DC25 /* EditorConstants.swift */,
			);
			path = Constants;
			sourceTree = "<group>";
		};
		B65EEA8EADF06052077720E2 /* Screens */ = {
			isa = PBXGroup;
			children = (
				53B65A2159F071A558DE5E6D /* PhotoEditorScreen.swift */,
			);
			path = Screens;
			sourceTree = "<group>";
		};
		BB4BDC2B5D9BD76D84FACF06 /* Constants */ = {
			isa = PBXGroup;
			children = (
				0A9AC7ECF55E5C36A1C442D0 /* FilterParametersTests.swift */,
				C32E7A4F6E04359D35EEB906 /* CameraConfigTests.swift */,
				AD80C3C700C020BA4D273BAD /* UIConstantsTests.swift */,
			);
			path = Constants;
			sourceTree = "<group>";
		};
		C999DF3D11A9A655F29E2242 /* Models */ = {
			isa = PBXGroup;
			children = (
				0DBCB60C3DA33EC1CC08BFF9 /* CameraStateTests.swift */,
				C69CB50BD0C3F18C32A9DF7F /* FilterConfigTests.swift */,
				ABE39405F49468ED6F34AC8F /* ShakeEffectTests.swift */,
				A9899BE0B988345B4F3BE34C /* CaptureResultTests.swift */,
				01A192864744D16C969E2BFF /* CameraModelTests.swift */,
				8610F87E33AF5EA94E62FDD1 /* CaptureModeTests.swift */,
				7A526E25A48BCE62CF5ABBEB /* AspectRatioTests.swift */,
			);
			path = Models;
			sourceTree = "<group>";
		};
		D474CD77D24CA7A5F761D223 /* Services */ = {
			isa = PBXGroup;
			children = (
				1A2B3C4D5E6F70819203A4B5 /* FilterService.swift */,
				3B4C5D6E7F809102A3B4C5D6 /* CameraService.swift */,
				7F8A9B0C1D2E3F405162A3B4 /* PhotoLibraryService.swift */,
				B1C2D3E4F50617283940A5B6 /* MotionService.swift */,
				BAF6F0D996505307A025CFE3 /* PhotoEditorService.swift */,
			);
			path = Services;
			sourceTree = "<group>";
		};
		DB098E0AD417FF18267E5753 /* Editor */ = {
			isa = PBXGroup;
			children = (
				C8E561ECB2653FEC3CD073CA /* CropOverlayView.swift */,
			);
			path = Editor;
			sourceTree = "<group>";
		};
		E09F2EAE86B75DD59499EC8F /* Models */ = {
			isa = PBXGroup;
			children = (
				EE3779F108A19C45C792808B /* CameraState.swift */,
				2DBC4E2F447AD3F5FB15B579 /* FilterConfig.swift */,
				F9ED7CA7D11F49FAC9D51B78 /* ShakeEffect.swift */,
				979D5FF9CC294CF1CD271B1E /* CaptureResult.swift */,
				3DB316BB04E98413BEA64D1C /* CameraModel.swift */,
				DBCB41F9F289C88F5EA787D6 /* AspectRatio.swift */,
				2B65A0BD633BFFF57C9AD9BC /* CropMode.swift */,
			);
			path = Models;
			sourceTree = "<group>";
		};
		F4076DB328DE02455578CEDB /* Utils */ = {
			isa = PBXGroup;
			children = (
				BB8F307F50B9DA6F70677D19 /* CropCoordinateTransformer.swift */,
				A56AD9F89C24DE27FAFBBCC3 /* CropRectCalculator.swift */,
			);
			path = Utils;
			sourceTree = "<group>";
		};
/* End PBXGroup section */

/* Begin PBXNativeTarget section */
		A1B2C3D4E5F60040A1B2 /* OldIPhoneCameraExperience */ = {
			isa = PBXNativeTarget;
			buildConfigurationList = A1B2C3D4E5F60060A1B2 /* Build configuration list for PBXNativeTarget "OldIPhoneCameraExperience" */;
			buildPhases = (
				A1B2C3D4E5F60021A1B2 /* Sources */,
				A1B2C3D4E5F60020A1B2 /* Frameworks */,
				A1B2C3D4E5F60022A1B2 /* Resources */,
			);
			buildRules = (
			);
			dependencies = (
			);
			name = OldIPhoneCameraExperience;
			productName = OldIPhoneCameraExperience;
			productReference = A1B2C3D4E5F60010A1B2 /* OldIPhoneCameraExperience.app */;
			productType = "com.apple.product-type.application";
		};
		F3C64BF6CBECC47D38C62D8A /* OldIPhoneCameraExperienceTests */ = {
			isa = PBXNativeTarget;
			buildConfigurationList = 5A79D7E805C6BBDC80AE01FE /* Build configuration list for PBXNativeTarget "OldIPhoneCameraExperienceTests" */;
			buildPhases = (
				7535E85DE21DA91CB1ECA455 /* Sources */,
				AA15CB0558869342FD609972 /* Frameworks */,
				D2665E15B5969AAC5B755C1D /* Resources */,
			);
			buildRules = (
			);
			dependencies = (
				A1357ACF27068A4C1F7B52E9 /* PBXTargetDependency */,
			);
			name = OldIPhoneCameraExperienceTests;
			productName = OldIPhoneCameraExperienceTests;
			productReference = 8348BD3A77FC46296AC1A10C /* OldIPhoneCameraExperienceTests.xctest */;
			productType = "com.apple.product-type.bundle.unit-test";
		};
/* End PBXNativeTarget section */

/* Begin PBXProject section */
		A1B2C3D4E5F60050A1B2 /* Project object */ = {
			isa = PBXProject;
			attributes = {
				BuildIndependentTargetsInParallel = 1;
				LastSwiftUpdateCheck = 1600;
				LastUpgradeCheck = 1600;
				TargetAttributes = {
					A1B2C3D4E5F60040A1B2 = {
						CreatedOnToolsVersion = 16.0;
					};
				};
			};
			buildConfigurationList = A1B2C3D4E5F60070A1B2 /* Build configuration list for PBXProject "OldIPhoneCameraExperience" */;
			compatibilityVersion = "Xcode 14.0";
			developmentRegion = en;
			hasScannedForEncodings = 0;
			knownRegions = (
				en,
				Base,
			);
			mainGroup = A1B2C3D4E5F60030A1B2;
			productRefGroup = A1B2C3D4E5F60032A1B2 /* Products */;
			projectDirPath = "";
			projectRoot = "";
			targets = (
				A1B2C3D4E5F60040A1B2 /* OldIPhoneCameraExperience */,
				F3C64BF6CBECC47D38C62D8A /* OldIPhoneCameraExperienceTests */,
			);
		};
/* End PBXProject section */

/* Begin PBXResourcesBuildPhase section */
		A1B2C3D4E5F60022A1B2 /* Resources */ = {
			isa = PBXResourcesBuildPhase;
			buildActionMask = 2147483647;
			files = (
				A1B2C3D4E5F60004A1B2 /* Preview Assets.xcassets in Resources */,
				A1B2C3D4E5F60003A1B2 /* Assets.xcassets in Resources */,
			);
			runOnlyForDeploymentPostprocessing = 0;
		};
		D2665E15B5969AAC5B755C1D /* Resources */ = {
			isa = PBXResourcesBuildPhase;
			buildActionMask = 2147483647;
			files = (
			);
			runOnlyForDeploymentPostprocessing = 0;
		};
/* End PBXResourcesBuildPhase section */

/* Begin PBXSourcesBuildPhase section */
		7535E85DE21DA91CB1ECA455 /* Sources */ = {
			isa = PBXSourcesBuildPhase;
			buildActionMask = 2147483647;
			files = (
				D3260D603D0AB4497DA6784E /* FilterParametersTests.swift in Sources */,
				4EFE9BCB6884A809575C004F /* CameraConfigTests.swift in Sources */,
				02C079D53F1E1CADA2297D6F /* UIConstantsTests.swift in Sources */,
				B8AEDE2A791BF962F87FFDD5 /* CameraStateTests.swift in Sources */,
				B1E12DCC51E454A52BCC01AB /* FilterConfigTests.swift in Sources */,
				854BB1BCA7BE5B4FB6425440 /* ShakeEffectTests.swift in Sources */,
				23970E3D03A3B4EBE8938AB4 /* CaptureResultTests.swift in Sources */,
				EA4F1D73805BD2B41D994DD8 /* CameraModelTests.swift in Sources */,
				E63493980956CC57D030E440 /* FilterServiceTests.swift in Sources */,
				4C5D6E7F80910213A4B5C6D7 /* CameraServiceTests.swift in Sources */,
				8A9B0C1D2E3F40516273A4B5 /* PhotoLibraryServiceTests.swift in Sources */,
				C2D3E4F5061728394051A6B7 /* MotionServiceTests.swift in Sources */,
				0617283940516273C8D9EAFB /* CameraViewModelTests.swift in Sources */,
				D2E2F2021222324252627282 /* ToolbarButtonTests.swift in Sources */,
				F20212223242526272829202 /* ShutterButtonTests.swift in Sources */,
				122232425262728292021222 /* ThumbnailViewTests.swift in Sources */,
				324252627282920212223242 /* IrisAnimationViewTests.swift in Sources */,
				6C7D8E9F0A1B2C3D4E5F6A7B /* CameraScreenTests.swift in Sources */,
				ED2B46479BF40ADF4B00CBE8 /* ZoomIndicatorTests.swift in Sources */,
				711C6F2EB8D7C901705B1741 /* CameraScreenZoomTests.swift in Sources */,
				6C98A88A968A51C6AA63D652 /* CameraServiceVideoTests.swift in Sources */,
				83C7AF525EFB2D70944AF3FF /* FilterServiceVideoTests.swift in Sources */,
				857910106CE522E55D70B142 /* PhotoLibraryServiceVideoTests.swift in Sources */,
				E93C5F8D5058EB77F5FB28AD /* CameraViewModelVideoTests.swift in Sources */,
				1F6408A5CC6DD44015FF277A /* CaptureModeTests.swift in Sources */,
				B58CD2134592D48D9298438F /* AspectRatioTests.swift in Sources */,
				1FBB9321B75E4B69C35E72A8 /* FilterServiceAspectRatioTests.swift in Sources */,
				F37E3C7B426D760BBE107F24 /* CameraViewModelAspectRatioTests.swift in Sources */,
				6089DB032E4D5D4421480381 /* AspectRatioButtonTests.swift in Sources */,
				E21F965F1CEE7612FDB3848F /* FlashButtonUITests.swift in Sources */,
				13C6D62456883176CBB30A8F /* PhotoEditorServiceTests.swift in Sources */,
				B4D3F8B48B5C4133F640BA9B /* PhotoEditorCropTests.swift in Sources */,
				3B61693F4FFABF1CB7EC6DF8 /* PhotoEditorViewModelTests.swift in Sources */,
			);
			runOnlyForDeploymentPostprocessing = 0;
		};
		A1B2C3D4E5F60021A1B2 /* Sources */ = {
			isa = PBXSourcesBuildPhase;
			buildActionMask = 2147483647;
			files = (
				A1B2C3D4E5F60002A1B2 /* ContentView.swift in Sources */,
				A1B2C3D4E5F60001A1B2 /* OldIPhoneCameraExperienceApp.swift in Sources */,
				A02225D5E6DE4EC336A0B109 /* FilterParameters.swift in Sources */,
				D957EFBE9FEE0A8D9DDA06B2 /* CameraConfig.swift in Sources */,
				D11A42D11B2BC30C4143256A /* UIConstants.swift in Sources */,
				5D5A93AD1FFDD5C8A5F9B1F2 /* CameraState.swift in Sources */,
				DFB107CC4FE7068FD83C45BF /* FilterConfig.swift in Sources */,
				963D9F9C7FF03EE946B5D47E /* ShakeEffect.swift in Sources */,
				BDB8BC170173E486556B6F2B /* CaptureResult.swift in Sources */,
				C0B4415FB10A22D6F6BBF0C6 /* CameraModel.swift in Sources */,
				F22EFB410D17AA9316BAD1B2 /* FilterService.swift in Sources */,
				2A3B4C5D6E7F80910213A4B5 /* CameraService.swift in Sources */,
				5E6F7A8B9C0D1E2F30415263 /* PhotoLibraryService.swift in Sources */,
				A0B1C2D3E4F506172839A4B5 /* MotionService.swift in Sources */,
				E4F5061728394051A6B7C8D9 /* CameraViewModel.swift in Sources */,
				B1B2B3B4B5B6B7B8B9B0B1B2 /* ToolbarButton.swift in Sources */,
				D1D2D3D4D5D6D7D8D9D0D1D2 /* ShutterButton.swift in Sources */,
				F1F2F3F4F5F6F7F8F9F0F1F2 /* ThumbnailView.swift in Sources */,
				B2C2D2E2F202122232425262 /* IrisAnimationView.swift in Sources */,
				4A5B6C7D8E9F0A1B2C3D4E5F /* CameraScreen.swift in Sources */,
				AE1723CBE3AC2AD8BA41E69D /* CameraPreviewView.swift in Sources */,
				FD1213DA9FD929CF4CE35183 /* ZoomIndicator.swift in Sources */,
				1AC5E002B7612D199759980C /* AspectRatio.swift in Sources */,
				CFDB9C2DF41182174BD2646C /* EditorConstants.swift in Sources */,
				AB107D236972BFF1152355F9 /* PhotoEditorService.swift in Sources */,
				019A8C77CE9DBA2E5DDF56FA /* CropMode.swift in Sources */,
				5D6CEA36E8D09E4624452AAD /* CropCoordinateTransformer.swift in Sources */,
				3445091F2EA12DCA84FEAFAB /* CropRectCalculator.swift in Sources */,
				F89D44B2401CE2AB9C8D4649 /* PhotoEditorViewModel.swift in Sources */,
				CCF6D1218D88F81E292D7E8D /* PhotoEditorScreen.swift in Sources */,
				B1404D329FAFDD9427DFB59B /* RetroSlider.swift in Sources */,
				7AC949E20E29D107F6285759 /* RetroSegmentedControl.swift in Sources */,
				5C2014CC446755471A28F603 /* CropOverlayView.swift in Sources */,
			);
			runOnlyForDeploymentPostprocessing = 0;
		};
/* End PBXSourcesBuildPhase section */

/* Begin PBXTargetDependency section */
		A1357ACF27068A4C1F7B52E9 /* PBXTargetDependency */ = {
			isa = PBXTargetDependency;
			name = OldIPhoneCameraExperience;
			target = A1B2C3D4E5F60040A1B2 /* OldIPhoneCameraExperience */;
			targetProxy = 9D4431F2EAA86ACB9461B8A8 /* PBXContainerItemProxy */;
		};
/* End PBXTargetDependency section */

/* Begin XCBuildConfiguration section */
		A1B2C3D4E5F60061A1B2 /* Debug */ = {
			isa = XCBuildConfiguration;
			buildSettings = {
				ASSETCATALOG_COMPILER_APPICON_NAME = AppIcon;
				ASSETCATALOG_COMPILER_GLOBAL_ACCENT_COLOR_NAME = AccentColor;
				CODE_SIGN_STYLE = Automatic;
				CURRENT_PROJECT_VERSION = 1;
				DEVELOPMENT_ASSET_PATHS = "\"OldIPhoneCameraExperience/Preview Content\"";
				DEVELOPMENT_TEAM = N28L9FHHL4;
				ENABLE_PREVIEWS = YES;
				GENERATE_INFOPLIST_FILE = YES;
				INFOPLIST_FILE = OldIPhoneCameraExperience/Info.plist;
				INFOPLIST_KEY_CFBundleDisplayName = "あのカメラ";
				INFOPLIST_KEY_UIApplicationSceneManifest_Generation = YES;
				INFOPLIST_KEY_UIApplicationSupportsIndirectInputEvents = YES;
				INFOPLIST_KEY_UILaunchScreen_Generation = YES;
				INFOPLIST_KEY_UISupportedInterfaceOrientations_iPad = "UIInterfaceOrientationPortrait UIInterfaceOrientationPortraitUpsideDown UIInterfaceOrientationLandscapeLeft UIInterfaceOrientationLandscapeRight";
				INFOPLIST_KEY_UISupportedInterfaceOrientations_iPhone = "UIInterfaceOrientationPortrait UIInterfaceOrientationLandscapeLeft UIInterfaceOrientationLandscapeRight";
				LD_RUNPATH_SEARCH_PATHS = (
					"$(inherited)",
					"@executable_path/Frameworks",
				);
				MARKETING_VERSION = 1.0.0;
				PRODUCT_BUNDLE_IDENTIFIER = com.h.dev.oldIPhoneCameraExperience;
				PRODUCT_NAME = "$(TARGET_NAME)";
				SWIFT_EMIT_LOC_STRINGS = YES;
				SWIFT_VERSION = 5.0;
				TARGETED_DEVICE_FAMILY = "1,2";
			};
			name = Debug;
		};
		A1B2C3D4E5F60062A1B2 /* Release */ = {
			isa = XCBuildConfiguration;
			buildSettings = {
				ASSETCATALOG_COMPILER_APPICON_NAME = AppIcon;
				ASSETCATALOG_COMPILER_GLOBAL_ACCENT_COLOR_NAME = AccentColor;
				CODE_SIGN_IDENTITY = "Apple Distribution";
				CODE_SIGN_STYLE = Manual;
				CURRENT_PROJECT_VERSION = 1;
				DEVELOPMENT_ASSET_PATHS = "\"OldIPhoneCameraExperience/Preview Content\"";
				DEVELOPMENT_TEAM = N28L9FHHL4;
				ENABLE_PREVIEWS = YES;
				GENERATE_INFOPLIST_FILE = YES;
				INFOPLIST_FILE = OldIPhoneCameraExperience/Info.plist;
				INFOPLIST_KEY_CFBundleDisplayName = "あのカメラ";
				INFOPLIST_KEY_UIApplicationSceneManifest_Generation = YES;
				INFOPLIST_KEY_UIApplicationSupportsIndirectInputEvents = YES;
				INFOPLIST_KEY_UILaunchScreen_Generation = YES;
				INFOPLIST_KEY_UISupportedInterfaceOrientations_iPad = "UIInterfaceOrientationPortrait UIInterfaceOrientationPortraitUpsideDown UIInterfaceOrientationLandscapeLeft UIInterfaceOrientationLandscapeRight";
				INFOPLIST_KEY_UISupportedInterfaceOrientations_iPhone = "UIInterfaceOrientationPortrait UIInterfaceOrientationLandscapeLeft UIInterfaceOrientationLandscapeRight";
				LD_RUNPATH_SEARCH_PATHS = (
					"$(inherited)",
					"@executable_path/Frameworks",
				);
				MARKETING_VERSION = 1.0.0;
				PRODUCT_BUNDLE_IDENTIFIER = com.h.dev.oldIPhoneCameraExperience;
				PRODUCT_NAME = "$(TARGET_NAME)";
				PROVISIONING_PROFILE_SPECIFIER = "match AppStore com.h.dev.oldIPhoneCameraExperience";
				SWIFT_EMIT_LOC_STRINGS = YES;
				SWIFT_VERSION = 5.0;
				TARGETED_DEVICE_FAMILY = "1,2";
			};
			name = Release;
		};
		A1B2C3D4E5F60071A1B2 /* Debug */ = {
			isa = XCBuildConfiguration;
			buildSettings = {
				ALWAYS_SEARCH_USER_PATHS = NO;
				ASSETCATALOG_COMPILER_GENERATE_SWIFT_ASSET_SYMBOL_EXTENSIONS = YES;
				CLANG_ANALYZER_NONNULL = YES;
				CLANG_ANALYZER_NUMBER_OBJECT_CONVERSION = YES_AGGRESSIVE;
				CLANG_CXX_LANGUAGE_STANDARD = "gnu++20";
				CLANG_ENABLE_MODULES = YES;
				CLANG_ENABLE_OBJC_ARC = YES;
				CLANG_ENABLE_OBJC_WEAK = YES;
				CLANG_WARN_BLOCK_CAPTURE_AUTORELEASING = YES;
				CLANG_WARN_BOOL_CONVERSION = YES;
				CLANG_WARN_COMMA = YES;
				CLANG_WARN_CONSTANT_CONVERSION = YES;
				CLANG_WARN_DEPRECATED_OBJC_IMPLEMENTATIONS = YES;
				CLANG_WARN_DIRECT_OBJC_ISA_USAGE = YES_ERROR;
				CLANG_WARN_DOCUMENTATION_COMMENTS = YES;
				CLANG_WARN_EMPTY_BODY = YES;
				CLANG_WARN_ENUM_CONVERSION = YES;
				CLANG_WARN_INFINITE_RECURSION = YES;
				CLANG_WARN_INT_CONVERSION = YES;
				CLANG_WARN_NON_LITERAL_NULL_CONVERSION = YES;
				CLANG_WARN_OBJC_IMPLICIT_RETAIN_SELF = YES;
				CLANG_WARN_OBJC_LITERAL_CONVERSION = YES;
				CLANG_WARN_OBJC_ROOT_CLASS = YES_ERROR;
				CLANG_WARN_QUOTED_INCLUDE_IN_FRAMEWORK_HEADER = YES;
				CLANG_WARN_RANGE_LOOP_ANALYSIS = YES;
				CLANG_WARN_STRICT_PROTOTYPES = YES;
				CLANG_WARN_SUSPICIOUS_MOVE = YES;
				CLANG_WARN_UNGUARDED_AVAILABILITY = YES_AGGRESSIVE;
				CLANG_WARN_UNREACHABLE_CODE = YES;
				CLANG_WARN__DUPLICATE_METHOD_MATCH = YES;
				COPY_PHASE_STRIP = NO;
				DEBUG_INFORMATION_FORMAT = dwarf;
				ENABLE_STRICT_OBJC_MSGSEND = YES;
				ENABLE_TESTABILITY = YES;
				ENABLE_USER_SCRIPT_SANDBOXING = YES;
				GCC_C_LANGUAGE_STANDARD = gnu17;
				GCC_DYNAMIC_NO_PIC = NO;
				GCC_NO_COMMON_BLOCKS = YES;
				GCC_OPTIMIZATION_LEVEL = 0;
				GCC_PREPROCESSOR_DEFINITIONS = (
					"DEBUG=1",
					"$(inherited)",
				);
				GCC_WARN_64_TO_32_BIT_CONVERSION = YES;
				GCC_WARN_ABOUT_RETURN_TYPE = YES_ERROR;
				GCC_WARN_UNDECLARED_SELECTOR = YES;
				GCC_WARN_UNINITIALIZED_AUTOS = YES_AGGRESSIVE;
				GCC_WARN_UNUSED_FUNCTION = YES;
				GCC_WARN_UNUSED_VARIABLE = YES;
				IPHONEOS_DEPLOYMENT_TARGET = 17.0;
				LOCALIZATION_PREFERS_STRING_CATALOGS = YES;
				MTL_ENABLE_DEBUG_INFO = INCLUDE_SOURCE;
				MTL_FAST_MATH = YES;
				ONLY_ACTIVE_ARCH = YES;
				SDKROOT = iphoneos;
				SWIFT_ACTIVE_COMPILATION_CONDITIONS = "DEBUG $(inherited)";
				SWIFT_OPTIMIZATION_LEVEL = "-Onone";
			};
			name = Debug;
		};
		A1B2C3D4E5F60072A1B2 /* Release */ = {
			isa = XCBuildConfiguration;
			buildSettings = {
				ALWAYS_SEARCH_USER_PATHS = NO;
				ASSETCATALOG_COMPILER_GENERATE_SWIFT_ASSET_SYMBOL_EXTENSIONS = YES;
				CLANG_ANALYZER_NONNULL = YES;
				CLANG_ANALYZER_NUMBER_OBJECT_CONVERSION = YES_AGGRESSIVE;
				CLANG_CXX_LANGUAGE_STANDARD = "gnu++20";
				CLANG_ENABLE_MODULES = YES;
				CLANG_ENABLE_OBJC_ARC = YES;
				CLANG_ENABLE_OBJC_WEAK = YES;
				CLANG_WARN_BLOCK_CAPTURE_AUTORELEASING = YES;
				CLANG_WARN_BOOL_CONVERSION = YES;
				CLANG_WARN_COMMA = YES;
				CLANG_WARN_CONSTANT_CONVERSION = YES;
				CLANG_WARN_DEPRECATED_OBJC_IMPLEMENTATIONS = YES;
				CLANG_WARN_DIRECT_OBJC_ISA_USAGE = YES_ERROR;
				CLANG_WARN_DOCUMENTATION_COMMENTS = YES;
				CLANG_WARN_EMPTY_BODY = YES;
				CLANG_WARN_ENUM_CONVERSION = YES;
				CLANG_WARN_INFINITE_RECURSION = YES;
				CLANG_WARN_INT_CONVERSION = YES;
				CLANG_WARN_NON_LITERAL_NULL_CONVERSION = YES;
				CLANG_WARN_OBJC_IMPLICIT_RETAIN_SELF = YES;
				CLANG_WARN_OBJC_LITERAL_CONVERSION = YES;
				CLANG_WARN_OBJC_ROOT_CLASS = YES_ERROR;
				CLANG_WARN_QUOTED_INCLUDE_IN_FRAMEWORK_HEADER = YES;
				CLANG_WARN_RANGE_LOOP_ANALYSIS = YES;
				CLANG_WARN_STRICT_PROTOTYPES = YES;
				CLANG_WARN_SUSPICIOUS_MOVE = YES;
				CLANG_WARN_UNGUARDED_AVAILABILITY = YES_AGGRESSIVE;
				CLANG_WARN_UNREACHABLE_CODE = YES;
				CLANG_WARN__DUPLICATE_METHOD_MATCH = YES;
				COPY_PHASE_STRIP = NO;
				DEBUG_INFORMATION_FORMAT = "dwarf-with-dsym";
				ENABLE_NS_ASSERTIONS = NO;
				ENABLE_STRICT_OBJC_MSGSEND = YES;
				ENABLE_USER_SCRIPT_SANDBOXING = YES;
				GCC_C_LANGUAGE_STANDARD = gnu17;
				GCC_NO_COMMON_BLOCKS = YES;
				GCC_WARN_64_TO_32_BIT_CONVERSION = YES;
				GCC_WARN_ABOUT_RETURN_TYPE = YES_ERROR;
				GCC_WARN_UNDECLARED_SELECTOR = YES;
				GCC_WARN_UNINITIALIZED_AUTOS = YES_AGGRESSIVE;
				GCC_WARN_UNUSED_FUNCTION = YES;
				GCC_WARN_UNUSED_VARIABLE = YES;
				IPHONEOS_DEPLOYMENT_TARGET = 17.0;
				LOCALIZATION_PREFERS_STRING_CATALOGS = YES;
				MTL_ENABLE_DEBUG_INFO = NO;
				MTL_FAST_MATH = YES;
				SDKROOT = iphoneos;
				SWIFT_COMPILATION_MODE = wholemodule;
				VALIDATE_PRODUCT = YES;
			};
			name = Release;
		};
		F1F22EF7789DD4F6C71D0763 /* Release */ = {
			isa = XCBuildConfiguration;
			buildSettings = {
				BUNDLE_LOADER = "$(TEST_HOST)";
				CLANG_ENABLE_OBJC_WEAK = NO;
				CODE_SIGN_STYLE = Automatic;
				DEVELOPMENT_TEAM = N28L9FHHL4;
				GENERATE_INFOPLIST_FILE = YES;
				IPHONEOS_DEPLOYMENT_TARGET = 17.0;
				PRODUCT_BUNDLE_IDENTIFIER = com.h.dev.oldIPhoneCameraExperience.tests;
				PRODUCT_NAME = "$(TARGET_NAME)";
				SDKROOT = iphoneos;
				SWIFT_VERSION = 5.0;
				TEST_HOST = "$(BUILT_PRODUCTS_DIR)/OldIPhoneCameraExperience.app/$(BUNDLE_EXECUTABLE_FOLDER_PATH)/OldIPhoneCameraExperience";
				VALIDATE_PRODUCT = YES;
			};
			name = Release;
		};
		FD1CB7A950BD915F39A15EA0 /* Debug */ = {
			isa = XCBuildConfiguration;
			buildSettings = {
				BUNDLE_LOADER = "$(TEST_HOST)";
				CLANG_ENABLE_OBJC_WEAK = NO;
				CODE_SIGN_STYLE = Automatic;
				DEVELOPMENT_TEAM = N28L9FHHL4;
				GENERATE_INFOPLIST_FILE = YES;
				IPHONEOS_DEPLOYMENT_TARGET = 17.0;
				PRODUCT_BUNDLE_IDENTIFIER = com.h.dev.oldIPhoneCameraExperience.tests;
				PRODUCT_NAME = "$(TARGET_NAME)";
				SDKROOT = iphoneos;
				SWIFT_VERSION = 5.0;
				TEST_HOST = "$(BUILT_PRODUCTS_DIR)/OldIPhoneCameraExperience.app/$(BUNDLE_EXECUTABLE_FOLDER_PATH)/OldIPhoneCameraExperience";
			};
			name = Debug;
		};
/* End XCBuildConfiguration section */

/* Begin XCConfigurationList section */
		5A79D7E805C6BBDC80AE01FE /* Build configuration list for PBXNativeTarget "OldIPhoneCameraExperienceTests" */ = {
			isa = XCConfigurationList;
			buildConfigurations = (
				F1F22EF7789DD4F6C71D0763 /* Release */,
				FD1CB7A950BD915F39A15EA0 /* Debug */,
			);
			defaultConfigurationIsVisible = 0;
			defaultConfigurationName = Release;
		};
		A1B2C3D4E5F60060A1B2 /* Build configuration list for PBXNativeTarget "OldIPhoneCameraExperience" */ = {
			isa = XCConfigurationList;
			buildConfigurations = (
				A1B2C3D4E5F60061A1B2 /* Debug */,
				A1B2C3D4E5F60062A1B2 /* Release */,
			);
			defaultConfigurationIsVisible = 0;
			defaultConfigurationName = Release;
		};
		A1B2C3D4E5F60070A1B2 /* Build configuration list for PBXProject "OldIPhoneCameraExperience" */ = {
			isa = XCConfigurationList;
			buildConfigurations = (
				A1B2C3D4E5F60071A1B2 /* Debug */,
				A1B2C3D4E5F60072A1B2 /* Release */,
			);
			defaultConfigurationIsVisible = 0;
			defaultConfigurationName = Release;
		};
/* End XCConfigurationList section */
	};
	rootObject = A1B2C3D4E5F60050A1B2 /* Project object */;
}
